
Microsoft Visual Studio Solution File, Format Version 12.00
# Visual Studio Version 16
VisualStudioVersion = 16.0.30317.65
MinimumVisualStudioVersion = 10.0.40219.1
Project("{D954291E-2A0B-460D-934E-DC6B0785DB48}") = "ConwaysGameOfLife.Shared", "ConwaysGameOfLife.Shared\ConwaysGameOfLife.Shared.shproj", "{6279C845-92F8-4333-AB99-3D213163593C}"
EndProject
Project("{FAE04EC0-301F-11D3-BF4B-00C04F79EFBC}") = "ConwaysGameOfLife.Droid", "ConwaysGameOfLife.Droid\ConwaysGameOfLife.Droid.csproj", "{5B56BC53-9A87-46DE-927D-E1AF4F02D21E}"
EndProject
Project("{FAE04EC0-301F-11D3-BF4B-00C04F79EFBC}") = "ConwaysGameOfLife.iOS", "ConwaysGameOfLife.iOS\ConwaysGameOfLife.iOS.csproj", "{17DF56D9-C3B8-428C-A682-7BE9EBBCDB27}"
EndProject
Project("{FAE04EC0-301F-11D3-BF4B-00C04F79EFBC}") = "ConwaysGameOfLife.UWP", "ConwaysGameOfLife.UWP\ConwaysGameOfLife.UWP.csproj", "{14A48535-5B9F-4D13-A774-E59E3B453135}"
EndProject
Project("{FAE04EC0-301F-11D3-BF4B-00C04F79EFBC}") = "ConwaysGameOfLife.Wasm", "ConwaysGameOfLife.Wasm\ConwaysGameOfLife.Wasm.csproj", "{3C6258BF-A15D-48DC-BCA6-7339677CC0AE}"
EndProject
Project("{FAE04EC0-301F-11D3-BF4B-00C04F79EFBC}") = "ConwaysGameOfLife.macOS", "ConwaysGameOfLife.macOS\ConwaysGameOfLife.macOS.csproj", "{4A87B41C-05C6-4E3F-AF84-4C6511763793}"
EndProject
Global
	GlobalSection(SharedMSBuildProjectFiles) = preSolution
		ConwaysGameOfLife.Shared\ConwaysGameOfLife.Shared.projitems*{14a48535-5b9f-4d13-a774-e59e3b453135}*SharedItemsImports = 4
		ConwaysGameOfLife.Shared\ConwaysGameOfLife.Shared.projitems*{17df56d9-c3b8-428c-a682-7be9ebbcdb27}*SharedItemsImports = 4
		ConwaysGameOfLife.Shared\ConwaysGameOfLife.Shared.projitems*{3c6258bf-a15d-48dc-bca6-7339677cc0ae}*SharedItemsImports = 5
		ConwaysGameOfLife.Shared\ConwaysGameOfLife.Shared.projitems*{4a87b41c-05c6-4e3f-af84-4c6511763793}*SharedItemsImports = 4
		ConwaysGameOfLife.Shared\ConwaysGameOfLife.Shared.projitems*{5b56bc53-9a87-46de-927d-e1af4f02d21e}*SharedItemsImports = 4
		ConwaysGameOfLife.Shared\ConwaysGameOfLife.Shared.projitems*{6279c845-92f8-4333-ab99-3d213163593c}*SharedItemsImports = 13
	EndGlobalSection
	GlobalSection(SolutionConfigurationPlatforms) = preSolution
		Ad-Hoc|Any CPU = Ad-Hoc|Any CPU
		Ad-Hoc|ARM = Ad-Hoc|ARM
		Ad-Hoc|ARM64 = Ad-Hoc|ARM64
		Ad-Hoc|iPhone = Ad-Hoc|iPhone
		Ad-Hoc|iPhoneSimulator = Ad-Hoc|iPhoneSimulator
		Ad-Hoc|x64 = Ad-Hoc|x64
		Ad-Hoc|x86 = Ad-Hoc|x86
		AppStore|Any CPU = AppStore|Any CPU
		AppStore|ARM = AppStore|ARM
		AppStore|ARM64 = AppStore|ARM64
		AppStore|iPhone = AppStore|iPhone
		AppStore|iPhoneSimulator = AppStore|iPhoneSimulator
		AppStore|x64 = AppStore|x64
		AppStore|x86 = AppStore|x86
		Debug|Any CPU = Debug|Any CPU
		Debug|ARM = Debug|ARM
		Debug|ARM64 = Debug|ARM64
		Debug|iPhone = Debug|iPhone
		Debug|iPhoneSimulator = Debug|iPhoneSimulator
		Debug|x64 = Debug|x64
		Debug|x86 = Debug|x86
		Release|Any CPU = Release|Any CPU
		Release|ARM = Release|ARM
		Release|ARM64 = Release|ARM64
		Release|iPhone = Release|iPhone
		Release|iPhoneSimulator = Release|iPhoneSimulator
		Release|x64 = Release|x64
		Release|x86 = Release|x86
	EndGlobalSection
	GlobalSection(ProjectConfigurationPlatforms) = postSolution
		{5B56BC53-9A87-46DE-927D-E1AF4F02D21E}.Ad-Hoc|Any CPU.ActiveCfg = Release|Any CPU
		{5B56BC53-9A87-46DE-927D-E1AF4F02D21E}.Ad-Hoc|Any CPU.Build.0 = Release|Any CPU
		{5B56BC53-9A87-46DE-927D-E1AF4F02D21E}.Ad-Hoc|Any CPU.Deploy.0 = Release|Any CPU
		{5B56BC53-9A87-46DE-927D-E1AF4F02D21E}.Ad-Hoc|ARM.ActiveCfg = Release|Any CPU
		{5B56BC53-9A87-46DE-927D-E1AF4F02D21E}.Ad-Hoc|ARM.Build.0 = Release|Any CPU
		{5B56BC53-9A87-46DE-927D-E1AF4F02D21E}.Ad-Hoc|ARM.Deploy.0 = Release|Any CPU
		{5B56BC53-9A87-46DE-927D-E1AF4F02D21E}.Ad-Hoc|ARM64.ActiveCfg = Release|Any CPU
		{5B56BC53-9A87-46DE-927D-E1AF4F02D21E}.Ad-Hoc|ARM64.Build.0 = Release|Any CPU
		{5B56BC53-9A87-46DE-927D-E1AF4F02D21E}.Ad-Hoc|ARM64.Deploy.0 = Release|Any CPU
		{5B56BC53-9A87-46DE-927D-E1AF4F02D21E}.Ad-Hoc|iPhone.ActiveCfg = Release|Any CPU
		{5B56BC53-9A87-46DE-927D-E1AF4F02D21E}.Ad-Hoc|iPhone.Build.0 = Release|Any CPU
		{5B56BC53-9A87-46DE-927D-E1AF4F02D21E}.Ad-Hoc|iPhone.Deploy.0 = Release|Any CPU
		{5B56BC53-9A87-46DE-927D-E1AF4F02D21E}.Ad-Hoc|iPhoneSimulator.ActiveCfg = Release|Any CPU
		{5B56BC53-9A87-46DE-927D-E1AF4F02D21E}.Ad-Hoc|iPhoneSimulator.Build.0 = Release|Any CPU
		{5B56BC53-9A87-46DE-927D-E1AF4F02D21E}.Ad-Hoc|iPhoneSimulator.Deploy.0 = Release|Any CPU
		{5B56BC53-9A87-46DE-927D-E1AF4F02D21E}.Ad-Hoc|x64.ActiveCfg = Release|Any CPU
		{5B56BC53-9A87-46DE-927D-E1AF4F02D21E}.Ad-Hoc|x64.Build.0 = Release|Any CPU
		{5B56BC53-9A87-46DE-927D-E1AF4F02D21E}.Ad-Hoc|x64.Deploy.0 = Release|Any CPU
		{5B56BC53-9A87-46DE-927D-E1AF4F02D21E}.Ad-Hoc|x86.ActiveCfg = Release|Any CPU
		{5B56BC53-9A87-46DE-927D-E1AF4F02D21E}.Ad-Hoc|x86.Build.0 = Release|Any CPU
		{5B56BC53-9A87-46DE-927D-E1AF4F02D21E}.Ad-Hoc|x86.Deploy.0 = Release|Any CPU
		{5B56BC53-9A87-46DE-927D-E1AF4F02D21E}.AppStore|Any CPU.ActiveCfg = Release|Any CPU
		{5B56BC53-9A87-46DE-927D-E1AF4F02D21E}.AppStore|Any CPU.Build.0 = Release|Any CPU
		{5B56BC53-9A87-46DE-927D-E1AF4F02D21E}.AppStore|Any CPU.Deploy.0 = Release|Any CPU
		{5B56BC53-9A87-46DE-927D-E1AF4F02D21E}.AppStore|ARM.ActiveCfg = Release|Any CPU
		{5B56BC53-9A87-46DE-927D-E1AF4F02D21E}.AppStore|ARM.Build.0 = Release|Any CPU
		{5B56BC53-9A87-46DE-927D-E1AF4F02D21E}.AppStore|ARM.Deploy.0 = Release|Any CPU
		{5B56BC53-9A87-46DE-927D-E1AF4F02D21E}.AppStore|ARM64.ActiveCfg = Release|Any CPU
		{5B56BC53-9A87-46DE-927D-E1AF4F02D21E}.AppStore|ARM64.Build.0 = Release|Any CPU
		{5B56BC53-9A87-46DE-927D-E1AF4F02D21E}.AppStore|ARM64.Deploy.0 = Release|Any CPU
		{5B56BC53-9A87-46DE-927D-E1AF4F02D21E}.AppStore|iPhone.ActiveCfg = Release|Any CPU
		{5B56BC53-9A87-46DE-927D-E1AF4F02D21E}.AppStore|iPhone.Build.0 = Release|Any CPU
		{5B56BC53-9A87-46DE-927D-E1AF4F02D21E}.AppStore|iPhone.Deploy.0 = Release|Any CPU
		{5B56BC53-9A87-46DE-927D-E1AF4F02D21E}.AppStore|iPhoneSimulator.ActiveCfg = Release|Any CPU
		{5B56BC53-9A87-46DE-927D-E1AF4F02D21E}.AppStore|iPhoneSimulator.Build.0 = Release|Any CPU
		{5B56BC53-9A87-46DE-927D-E1AF4F02D21E}.AppStore|iPhoneSimulator.Deploy.0 = Release|Any CPU
		{5B56BC53-9A87-46DE-927D-E1AF4F02D21E}.AppStore|x64.ActiveCfg = Release|Any CPU
		{5B56BC53-9A87-46DE-927D-E1AF4F02D21E}.AppStore|x64.Build.0 = Release|Any CPU
		{5B56BC53-9A87-46DE-927D-E1AF4F02D21E}.AppStore|x64.Deploy.0 = Release|Any CPU
		{5B56BC53-9A87-46DE-927D-E1AF4F02D21E}.AppStore|x86.ActiveCfg = Release|Any CPU
		{5B56BC53-9A87-46DE-927D-E1AF4F02D21E}.AppStore|x86.Build.0 = Release|Any CPU
		{5B56BC53-9A87-46DE-927D-E1AF4F02D21E}.AppStore|x86.Deploy.0 = Release|Any CPU
		{5B56BC53-9A87-46DE-927D-E1AF4F02D21E}.Debug|Any CPU.ActiveCfg = Debug|Any CPU
		{5B56BC53-9A87-46DE-927D-E1AF4F02D21E}.Debug|Any CPU.Build.0 = Debug|Any CPU
		{5B56BC53-9A87-46DE-927D-E1AF4F02D21E}.Debug|Any CPU.Deploy.0 = Debug|Any CPU
		{5B56BC53-9A87-46DE-927D-E1AF4F02D21E}.Debug|ARM.ActiveCfg = Debug|Any CPU
		{5B56BC53-9A87-46DE-927D-E1AF4F02D21E}.Debug|ARM.Build.0 = Debug|Any CPU
		{5B56BC53-9A87-46DE-927D-E1AF4F02D21E}.Debug|ARM.Deploy.0 = Debug|Any CPU
		{5B56BC53-9A87-46DE-927D-E1AF4F02D21E}.Debug|ARM64.ActiveCfg = Debug|Any CPU
		{5B56BC53-9A87-46DE-927D-E1AF4F02D21E}.Debug|ARM64.Build.0 = Debug|Any CPU
		{5B56BC53-9A87-46DE-927D-E1AF4F02D21E}.Debug|ARM64.Deploy.0 = Debug|Any CPU
		{5B56BC53-9A87-46DE-927D-E1AF4F02D21E}.Debug|iPhone.ActiveCfg = Debug|Any CPU
		{5B56BC53-9A87-46DE-927D-E1AF4F02D21E}.Debug|iPhone.Build.0 = Debug|Any CPU
		{5B56BC53-9A87-46DE-927D-E1AF4F02D21E}.Debug|iPhone.Deploy.0 = Debug|Any CPU
		{5B56BC53-9A87-46DE-927D-E1AF4F02D21E}.Debug|iPhoneSimulator.ActiveCfg = Debug|Any CPU
		{5B56BC53-9A87-46DE-927D-E1AF4F02D21E}.Debug|iPhoneSimulator.Build.0 = Debug|Any CPU
		{5B56BC53-9A87-46DE-927D-E1AF4F02D21E}.Debug|iPhoneSimulator.Deploy.0 = Debug|Any CPU
		{5B56BC53-9A87-46DE-927D-E1AF4F02D21E}.Debug|x64.ActiveCfg = Debug|Any CPU
		{5B56BC53-9A87-46DE-927D-E1AF4F02D21E}.Debug|x64.Build.0 = Debug|Any CPU
		{5B56BC53-9A87-46DE-927D-E1AF4F02D21E}.Debug|x64.Deploy.0 = Debug|Any CPU
		{5B56BC53-9A87-46DE-927D-E1AF4F02D21E}.Debug|x86.ActiveCfg = Debug|Any CPU
		{5B56BC53-9A87-46DE-927D-E1AF4F02D21E}.Debug|x86.Build.0 = Debug|Any CPU
		{5B56BC53-9A87-46DE-927D-E1AF4F02D21E}.Debug|x86.Deploy.0 = Debug|Any CPU
		{5B56BC53-9A87-46DE-927D-E1AF4F02D21E}.Release|Any CPU.ActiveCfg = Release|Any CPU
		{5B56BC53-9A87-46DE-927D-E1AF4F02D21E}.Release|Any CPU.Build.0 = Release|Any CPU
		{5B56BC53-9A87-46DE-927D-E1AF4F02D21E}.Release|Any CPU.Deploy.0 = Release|Any CPU
		{5B56BC53-9A87-46DE-927D-E1AF4F02D21E}.Release|ARM.ActiveCfg = Release|Any CPU
		{5B56BC53-9A87-46DE-927D-E1AF4F02D21E}.Release|ARM.Build.0 = Release|Any CPU
		{5B56BC53-9A87-46DE-927D-E1AF4F02D21E}.Release|ARM.Deploy.0 = Release|Any CPU
		{5B56BC53-9A87-46DE-927D-E1AF4F02D21E}.Release|ARM64.ActiveCfg = Release|Any CPU
		{5B56BC53-9A87-46DE-927D-E1AF4F02D21E}.Release|ARM64.Build.0 = Release|Any CPU
		{5B56BC53-9A87-46DE-927D-E1AF4F02D21E}.Release|ARM64.Deploy.0 = Release|Any CPU
		{5B56BC53-9A87-46DE-927D-E1AF4F02D21E}.Release|iPhone.ActiveCfg = Release|Any CPU
		{5B56BC53-9A87-46DE-927D-E1AF4F02D21E}.Release|iPhone.Build.0 = Release|Any CPU
		{5B56BC53-9A87-46DE-927D-E1AF4F02D21E}.Release|iPhone.Deploy.0 = Release|Any CPU
		{5B56BC53-9A87-46DE-927D-E1AF4F02D21E}.Release|iPhoneSimulator.ActiveCfg = Release|Any CPU
		{5B56BC53-9A87-46DE-927D-E1AF4F02D21E}.Release|iPhoneSimulator.Build.0 = Release|Any CPU
		{5B56BC53-9A87-46DE-927D-E1AF4F02D21E}.Release|iPhoneSimulator.Deploy.0 = Release|Any CPU
		{5B56BC53-9A87-46DE-927D-E1AF4F02D21E}.Release|x64.ActiveCfg = Release|Any CPU
		{5B56BC53-9A87-46DE-927D-E1AF4F02D21E}.Release|x64.Build.0 = Release|Any CPU
		{5B56BC53-9A87-46DE-927D-E1AF4F02D21E}.Release|x64.Deploy.0 = Release|Any CPU
		{5B56BC53-9A87-46DE-927D-E1AF4F02D21E}.Release|x86.ActiveCfg = Release|Any CPU
		{5B56BC53-9A87-46DE-927D-E1AF4F02D21E}.Release|x86.Build.0 = Release|Any CPU
		{5B56BC53-9A87-46DE-927D-E1AF4F02D21E}.Release|x86.Deploy.0 = Release|Any CPU
		{17DF56D9-C3B8-428C-A682-7BE9EBBCDB27}.Ad-Hoc|Any CPU.ActiveCfg = Ad-Hoc|iPhone
		{17DF56D9-C3B8-428C-A682-7BE9EBBCDB27}.Ad-Hoc|ARM.ActiveCfg = Ad-Hoc|iPhone
		{17DF56D9-C3B8-428C-A682-7BE9EBBCDB27}.Ad-Hoc|ARM64.ActiveCfg = Ad-Hoc|iPhone
		{17DF56D9-C3B8-428C-A682-7BE9EBBCDB27}.Ad-Hoc|iPhone.ActiveCfg = Ad-Hoc|iPhone
		{17DF56D9-C3B8-428C-A682-7BE9EBBCDB27}.Ad-Hoc|iPhone.Build.0 = Ad-Hoc|iPhone
		{17DF56D9-C3B8-428C-A682-7BE9EBBCDB27}.Ad-Hoc|iPhoneSimulator.ActiveCfg = Ad-Hoc|iPhoneSimulator
		{17DF56D9-C3B8-428C-A682-7BE9EBBCDB27}.Ad-Hoc|iPhoneSimulator.Build.0 = Ad-Hoc|iPhoneSimulator
		{17DF56D9-C3B8-428C-A682-7BE9EBBCDB27}.Ad-Hoc|x64.ActiveCfg = Ad-Hoc|iPhone
		{17DF56D9-C3B8-428C-A682-7BE9EBBCDB27}.Ad-Hoc|x86.ActiveCfg = Ad-Hoc|iPhone
		{17DF56D9-C3B8-428C-A682-7BE9EBBCDB27}.AppStore|Any CPU.ActiveCfg = AppStore|iPhone
		{17DF56D9-C3B8-428C-A682-7BE9EBBCDB27}.AppStore|ARM.ActiveCfg = AppStore|iPhone
		{17DF56D9-C3B8-428C-A682-7BE9EBBCDB27}.AppStore|ARM64.ActiveCfg = AppStore|iPhone
		{17DF56D9-C3B8-428C-A682-7BE9EBBCDB27}.AppStore|iPhone.ActiveCfg = AppStore|iPhone
		{17DF56D9-C3B8-428C-A682-7BE9EBBCDB27}.AppStore|iPhone.Build.0 = AppStore|iPhone
		{17DF56D9-C3B8-428C-A682-7BE9EBBCDB27}.AppStore|iPhoneSimulator.ActiveCfg = AppStore|iPhoneSimulator
		{17DF56D9-C3B8-428C-A682-7BE9EBBCDB27}.AppStore|iPhoneSimulator.Build.0 = AppStore|iPhoneSimulator
		{17DF56D9-C3B8-428C-A682-7BE9EBBCDB27}.AppStore|x64.ActiveCfg = AppStore|iPhone
		{17DF56D9-C3B8-428C-A682-7BE9EBBCDB27}.AppStore|x86.ActiveCfg = AppStore|iPhone
		{17DF56D9-C3B8-428C-A682-7BE9EBBCDB27}.Debug|Any CPU.ActiveCfg = Debug|iPhone
		{17DF56D9-C3B8-428C-A682-7BE9EBBCDB27}.Debug|ARM.ActiveCfg = Debug|iPhone
		{17DF56D9-C3B8-428C-A682-7BE9EBBCDB27}.Debug|ARM64.ActiveCfg = Debug|iPhone
		{17DF56D9-C3B8-428C-A682-7BE9EBBCDB27}.Debug|iPhone.ActiveCfg = Debug|iPhone
		{17DF56D9-C3B8-428C-A682-7BE9EBBCDB27}.Debug|iPhone.Build.0 = Debug|iPhone
		{17DF56D9-C3B8-428C-A682-7BE9EBBCDB27}.Debug|iPhoneSimulator.ActiveCfg = Debug|iPhoneSimulator
		{17DF56D9-C3B8-428C-A682-7BE9EBBCDB27}.Debug|iPhoneSimulator.Build.0 = Debug|iPhoneSimulator
		{17DF56D9-C3B8-428C-A682-7BE9EBBCDB27}.Debug|x64.ActiveCfg = Debug|iPhone
		{17DF56D9-C3B8-428C-A682-7BE9EBBCDB27}.Debug|x86.ActiveCfg = Debug|iPhone
		{17DF56D9-C3B8-428C-A682-7BE9EBBCDB27}.Release|Any CPU.ActiveCfg = Release|iPhone
		{17DF56D9-C3B8-428C-A682-7BE9EBBCDB27}.Release|ARM.ActiveCfg = Release|iPhone
		{17DF56D9-C3B8-428C-A682-7BE9EBBCDB27}.Release|ARM64.ActiveCfg = Release|iPhone
		{17DF56D9-C3B8-428C-A682-7BE9EBBCDB27}.Release|iPhone.ActiveCfg = Release|iPhone
		{17DF56D9-C3B8-428C-A682-7BE9EBBCDB27}.Release|iPhone.Build.0 = Release|iPhone
		{17DF56D9-C3B8-428C-A682-7BE9EBBCDB27}.Release|iPhoneSimulator.ActiveCfg = Release|iPhoneSimulator
		{17DF56D9-C3B8-428C-A682-7BE9EBBCDB27}.Release|iPhoneSimulator.Build.0 = Release|iPhoneSimulator
		{17DF56D9-C3B8-428C-A682-7BE9EBBCDB27}.Release|x64.ActiveCfg = Release|iPhone
		{17DF56D9-C3B8-428C-A682-7BE9EBBCDB27}.Release|x86.ActiveCfg = Release|iPhone
		{14A48535-5B9F-4D13-A774-E59E3B453135}.Ad-Hoc|Any CPU.ActiveCfg = Release|x64
		{14A48535-5B9F-4D13-A774-E59E3B453135}.Ad-Hoc|Any CPU.Build.0 = Release|x64
		{14A48535-5B9F-4D13-A774-E59E3B453135}.Ad-Hoc|Any CPU.Deploy.0 = Release|x64
		{14A48535-5B9F-4D13-A774-E59E3B453135}.Ad-Hoc|ARM.ActiveCfg = Release|ARM
		{14A48535-5B9F-4D13-A774-E59E3B453135}.Ad-Hoc|ARM.Build.0 = Release|ARM
		{14A48535-5B9F-4D13-A774-E59E3B453135}.Ad-Hoc|ARM.Deploy.0 = Release|ARM
		{14A48535-5B9F-4D13-A774-E59E3B453135}.Ad-Hoc|ARM64.ActiveCfg = Release|ARM64
		{14A48535-5B9F-4D13-A774-E59E3B453135}.Ad-Hoc|ARM64.Build.0 = Release|ARM64
		{14A48535-5B9F-4D13-A774-E59E3B453135}.Ad-Hoc|ARM64.Deploy.0 = Release|ARM64
		{14A48535-5B9F-4D13-A774-E59E3B453135}.Ad-Hoc|iPhone.ActiveCfg = Release|x64
		{14A48535-5B9F-4D13-A774-E59E3B453135}.Ad-Hoc|iPhone.Build.0 = Release|x64
		{14A48535-5B9F-4D13-A774-E59E3B453135}.Ad-Hoc|iPhone.Deploy.0 = Release|x64
		{14A48535-5B9F-4D13-A774-E59E3B453135}.Ad-Hoc|iPhoneSimulator.ActiveCfg = Release|x64
		{14A48535-5B9F-4D13-A774-E59E3B453135}.Ad-Hoc|iPhoneSimulator.Build.0 = Release|x64
		{14A48535-5B9F-4D13-A774-E59E3B453135}.Ad-Hoc|iPhoneSimulator.Deploy.0 = Release|x64
		{14A48535-5B9F-4D13-A774-E59E3B453135}.Ad-Hoc|x64.ActiveCfg = Release|x64
		{14A48535-5B9F-4D13-A774-E59E3B453135}.Ad-Hoc|x64.Build.0 = Release|x64
		{14A48535-5B9F-4D13-A774-E59E3B453135}.Ad-Hoc|x64.Deploy.0 = Release|x64
		{14A48535-5B9F-4D13-A774-E59E3B453135}.Ad-Hoc|x86.ActiveCfg = Release|x86
		{14A48535-5B9F-4D13-A774-E59E3B453135}.Ad-Hoc|x86.Build.0 = Release|x86
		{14A48535-5B9F-4D13-A774-E59E3B453135}.Ad-Hoc|x86.Deploy.0 = Release|x86
		{14A48535-5B9F-4D13-A774-E59E3B453135}.AppStore|Any CPU.ActiveCfg = Release|x64
		{14A48535-5B9F-4D13-A774-E59E3B453135}.AppStore|Any CPU.Build.0 = Release|x64
		{14A48535-5B9F-4D13-A774-E59E3B453135}.AppStore|Any CPU.Deploy.0 = Release|x64
		{14A48535-5B9F-4D13-A774-E59E3B453135}.AppStore|ARM.ActiveCfg = Release|ARM
		{14A48535-5B9F-4D13-A774-E59E3B453135}.AppStore|ARM.Build.0 = Release|ARM
		{14A48535-5B9F-4D13-A774-E59E3B453135}.AppStore|ARM.Deploy.0 = Release|ARM
		{14A48535-5B9F-4D13-A774-E59E3B453135}.AppStore|ARM64.ActiveCfg = Release|ARM64
		{14A48535-5B9F-4D13-A774-E59E3B453135}.AppStore|ARM64.Build.0 = Release|ARM64
		{14A48535-5B9F-4D13-A774-E59E3B453135}.AppStore|ARM64.Deploy.0 = Release|ARM64
		{14A48535-5B9F-4D13-A774-E59E3B453135}.AppStore|iPhone.ActiveCfg = Release|x64
		{14A48535-5B9F-4D13-A774-E59E3B453135}.AppStore|iPhone.Build.0 = Release|x64
		{14A48535-5B9F-4D13-A774-E59E3B453135}.AppStore|iPhone.Deploy.0 = Release|x64
		{14A48535-5B9F-4D13-A774-E59E3B453135}.AppStore|iPhoneSimulator.ActiveCfg = Release|x64
		{14A48535-5B9F-4D13-A774-E59E3B453135}.AppStore|iPhoneSimulator.Build.0 = Release|x64
		{14A48535-5B9F-4D13-A774-E59E3B453135}.AppStore|iPhoneSimulator.Deploy.0 = Release|x64
		{14A48535-5B9F-4D13-A774-E59E3B453135}.AppStore|x64.ActiveCfg = Release|x64
		{14A48535-5B9F-4D13-A774-E59E3B453135}.AppStore|x64.Build.0 = Release|x64
		{14A48535-5B9F-4D13-A774-E59E3B453135}.AppStore|x64.Deploy.0 = Release|x64
		{14A48535-5B9F-4D13-A774-E59E3B453135}.AppStore|x86.ActiveCfg = Release|x86
		{14A48535-5B9F-4D13-A774-E59E3B453135}.AppStore|x86.Build.0 = Release|x86
		{14A48535-5B9F-4D13-A774-E59E3B453135}.AppStore|x86.Deploy.0 = Release|x86
		{14A48535-5B9F-4D13-A774-E59E3B453135}.Debug|Any CPU.ActiveCfg = Debug|x86
		{14A48535-5B9F-4D13-A774-E59E3B453135}.Debug|ARM.ActiveCfg = Debug|ARM
		{14A48535-5B9F-4D13-A774-E59E3B453135}.Debug|ARM.Build.0 = Debug|ARM
		{14A48535-5B9F-4D13-A774-E59E3B453135}.Debug|ARM.Deploy.0 = Debug|ARM
		{14A48535-5B9F-4D13-A774-E59E3B453135}.Debug|ARM64.ActiveCfg = Debug|ARM64
		{14A48535-5B9F-4D13-A774-E59E3B453135}.Debug|ARM64.Build.0 = Debug|ARM64
		{14A48535-5B9F-4D13-A774-E59E3B453135}.Debug|ARM64.Deploy.0 = Debug|ARM64
		{14A48535-5B9F-4D13-A774-E59E3B453135}.Debug|iPhone.ActiveCfg = Debug|x86
		{14A48535-5B9F-4D13-A774-E59E3B453135}.Debug|iPhoneSimulator.ActiveCfg = Debug|x86
		{14A48535-5B9F-4D13-A774-E59E3B453135}.Debug|x64.ActiveCfg = Debug|x64
		{14A48535-5B9F-4D13-A774-E59E3B453135}.Debug|x64.Build.0 = Debug|x64
		{14A48535-5B9F-4D13-A774-E59E3B453135}.Debug|x64.Deploy.0 = Debug|x64
		{14A48535-5B9F-4D13-A774-E59E3B453135}.Debug|x86.ActiveCfg = Debug|x86
		{14A48535-5B9F-4D13-A774-E59E3B453135}.Debug|x86.Build.0 = Debug|x86
		{14A48535-5B9F-4D13-A774-E59E3B453135}.Debug|x86.Deploy.0 = Debug|x86
		{14A48535-5B9F-4D13-A774-E59E3B453135}.Release|Any CPU.ActiveCfg = Release|x86
		{14A48535-5B9F-4D13-A774-E59E3B453135}.Release|ARM.ActiveCfg = Release|ARM
		{14A48535-5B9F-4D13-A774-E59E3B453135}.Release|ARM.Build.0 = Release|ARM
		{14A48535-5B9F-4D13-A774-E59E3B453135}.Release|ARM.Deploy.0 = Release|ARM
		{14A48535-5B9F-4D13-A774-E59E3B453135}.Release|ARM64.ActiveCfg = Release|ARM64
		{14A48535-5B9F-4D13-A774-E59E3B453135}.Release|ARM64.Build.0 = Release|ARM64
		{14A48535-5B9F-4D13-A774-E59E3B453135}.Release|ARM64.Deploy.0 = Release|ARM64
		{14A48535-5B9F-4D13-A774-E59E3B453135}.Release|iPhone.ActiveCfg = Release|x86
		{14A48535-5B9F-4D13-A774-E59E3B453135}.Release|iPhoneSimulator.ActiveCfg = Release|x86
		{14A48535-5B9F-4D13-A774-E59E3B453135}.Release|x64.ActiveCfg = Release|x64
		{14A48535-5B9F-4D13-A774-E59E3B453135}.Release|x64.Build.0 = Release|x64
		{14A48535-5B9F-4D13-A774-E59E3B453135}.Release|x64.Deploy.0 = Release|x64
		{14A48535-5B9F-4D13-A774-E59E3B453135}.Release|x86.ActiveCfg = Release|x86
		{14A48535-5B9F-4D13-A774-E59E3B453135}.Release|x86.Build.0 = Release|x86
		{14A48535-5B9F-4D13-A774-E59E3B453135}.Release|x86.Deploy.0 = Release|x86
		{3C6258BF-A15D-48DC-BCA6-7339677CC0AE}.Ad-Hoc|Any CPU.ActiveCfg = Debug|Any CPU
		{3C6258BF-A15D-48DC-BCA6-7339677CC0AE}.Ad-Hoc|Any CPU.Build.0 = Debug|Any CPU
		{3C6258BF-A15D-48DC-BCA6-7339677CC0AE}.Ad-Hoc|ARM.ActiveCfg = Debug|Any CPU
		{3C6258BF-A15D-48DC-BCA6-7339677CC0AE}.Ad-Hoc|ARM.Build.0 = Debug|Any CPU
		{3C6258BF-A15D-48DC-BCA6-7339677CC0AE}.Ad-Hoc|ARM64.ActiveCfg = Debug|Any CPU
		{3C6258BF-A15D-48DC-BCA6-7339677CC0AE}.Ad-Hoc|ARM64.Build.0 = Debug|Any CPU
		{3C6258BF-A15D-48DC-BCA6-7339677CC0AE}.Ad-Hoc|iPhone.ActiveCfg = Debug|Any CPU
		{3C6258BF-A15D-48DC-BCA6-7339677CC0AE}.Ad-Hoc|iPhone.Build.0 = Debug|Any CPU
		{3C6258BF-A15D-48DC-BCA6-7339677CC0AE}.Ad-Hoc|iPhoneSimulator.ActiveCfg = Debug|Any CPU
		{3C6258BF-A15D-48DC-BCA6-7339677CC0AE}.Ad-Hoc|iPhoneSimulator.Build.0 = Debug|Any CPU
		{3C6258BF-A15D-48DC-BCA6-7339677CC0AE}.Ad-Hoc|x64.ActiveCfg = Debug|Any CPU
		{3C6258BF-A15D-48DC-BCA6-7339677CC0AE}.Ad-Hoc|x64.Build.0 = Debug|Any CPU
		{3C6258BF-A15D-48DC-BCA6-7339677CC0AE}.Ad-Hoc|x86.ActiveCfg = Debug|Any CPU
		{3C6258BF-A15D-48DC-BCA6-7339677CC0AE}.Ad-Hoc|x86.Build.0 = Debug|Any CPU
		{3C6258BF-A15D-48DC-BCA6-7339677CC0AE}.AppStore|Any CPU.ActiveCfg = Debug|Any CPU
		{3C6258BF-A15D-48DC-BCA6-7339677CC0AE}.AppStore|Any CPU.Build.0 = Debug|Any CPU
		{3C6258BF-A15D-48DC-BCA6-7339677CC0AE}.AppStore|ARM.ActiveCfg = Debug|Any CPU
		{3C6258BF-A15D-48DC-BCA6-7339677CC0AE}.AppStore|ARM.Build.0 = Debug|Any CPU
		{3C6258BF-A15D-48DC-BCA6-7339677CC0AE}.AppStore|ARM64.ActiveCfg = Debug|Any CPU
		{3C6258BF-A15D-48DC-BCA6-7339677CC0AE}.AppStore|ARM64.Build.0 = Debug|Any CPU
		{3C6258BF-A15D-48DC-BCA6-7339677CC0AE}.AppStore|iPhone.ActiveCfg = Debug|Any CPU
		{3C6258BF-A15D-48DC-BCA6-7339677CC0AE}.AppStore|iPhone.Build.0 = Debug|Any CPU
		{3C6258BF-A15D-48DC-BCA6-7339677CC0AE}.AppStore|iPhoneSimulator.ActiveCfg = Debug|Any CPU
		{3C6258BF-A15D-48DC-BCA6-7339677CC0AE}.AppStore|iPhoneSimulator.Build.0 = Debug|Any CPU
		{3C6258BF-A15D-48DC-BCA6-7339677CC0AE}.AppStore|x64.ActiveCfg = Debug|Any CPU
		{3C6258BF-A15D-48DC-BCA6-7339677CC0AE}.AppStore|x64.Build.0 = Debug|Any CPU
		{3C6258BF-A15D-48DC-BCA6-7339677CC0AE}.AppStore|x86.ActiveCfg = Debug|Any CPU
		{3C6258BF-A15D-48DC-BCA6-7339677CC0AE}.AppStore|x86.Build.0 = Debug|Any CPU
		{3C6258BF-A15D-48DC-BCA6-7339677CC0AE}.Debug|Any CPU.ActiveCfg = Debug|Any CPU
		{3C6258BF-A15D-48DC-BCA6-7339677CC0AE}.Debug|Any CPU.Build.0 = Debug|Any CPU
		{3C6258BF-A15D-48DC-BCA6-7339677CC0AE}.Debug|ARM.ActiveCfg = Debug|Any CPU
		{3C6258BF-A15D-48DC-BCA6-7339677CC0AE}.Debug|ARM.Build.0 = Debug|Any CPU
		{3C6258BF-A15D-48DC-BCA6-7339677CC0AE}.Debug|ARM64.ActiveCfg = Debug|Any CPU
		{3C6258BF-A15D-48DC-BCA6-7339677CC0AE}.Debug|ARM64.Build.0 = Debug|Any CPU
		{3C6258BF-A15D-48DC-BCA6-7339677CC0AE}.Debug|iPhone.ActiveCfg = Debug|Any CPU
		{3C6258BF-A15D-48DC-BCA6-7339677CC0AE}.Debug|iPhone.Build.0 = Debug|Any CPU
		{3C6258BF-A15D-48DC-BCA6-7339677CC0AE}.Debug|iPhoneSimulator.ActiveCfg = Debug|Any CPU
		{3C6258BF-A15D-48DC-BCA6-7339677CC0AE}.Debug|iPhoneSimulator.Build.0 = Debug|Any CPU
		{3C6258BF-A15D-48DC-BCA6-7339677CC0AE}.Debug|x64.ActiveCfg = Debug|Any CPU
		{3C6258BF-A15D-48DC-BCA6-7339677CC0AE}.Debug|x64.Build.0 = Debug|Any CPU
		{3C6258BF-A15D-48DC-BCA6-7339677CC0AE}.Debug|x86.ActiveCfg = Debug|Any CPU
		{3C6258BF-A15D-48DC-BCA6-7339677CC0AE}.Debug|x86.Build.0 = Debug|Any CPU
		{3C6258BF-A15D-48DC-BCA6-7339677CC0AE}.Release|Any CPU.ActiveCfg = Release|Any CPU
		{3C6258BF-A15D-48DC-BCA6-7339677CC0AE}.Release|Any CPU.Build.0 = Release|Any CPU
		{3C6258BF-A15D-48DC-BCA6-7339677CC0AE}.Release|ARM.ActiveCfg = Release|Any CPU
		{3C6258BF-A15D-48DC-BCA6-7339677CC0AE}.Release|ARM.Build.0 = Release|Any CPU
		{3C6258BF-A15D-48DC-BCA6-7339677CC0AE}.Release|ARM64.ActiveCfg = Release|Any CPU
		{3C6258BF-A15D-48DC-BCA6-7339677CC0AE}.Release|ARM64.Build.0 = Release|Any CPU
		{3C6258BF-A15D-48DC-BCA6-7339677CC0AE}.Release|iPhone.ActiveCfg = Release|Any CPU
		{3C6258BF-A15D-48DC-BCA6-7339677CC0AE}.Release|iPhone.Build.0 = Release|Any CPU
		{3C6258BF-A15D-48DC-BCA6-7339677CC0AE}.Release|iPhoneSimulator.ActiveCfg = Release|Any CPU
		{3C6258BF-A15D-48DC-BCA6-7339677CC0AE}.Release|iPhoneSimulator.Build.0 = Release|Any CPU
		{3C6258BF-A15D-48DC-BCA6-7339677CC0AE}.Release|x64.ActiveCfg = Release|Any CPU
		{3C6258BF-A15D-48DC-BCA6-7339677CC0AE}.Release|x64.Build.0 = Release|Any CPU
		{3C6258BF-A15D-48DC-BCA6-7339677CC0AE}.Release|x86.ActiveCfg = Release|Any CPU
		{3C6258BF-A15D-48DC-BCA6-7339677CC0AE}.Release|x86.Build.0 = Release|Any CPU
		{4A87B41C-05C6-4E3F-AF84-4C6511763793}.Ad-Hoc|Any CPU.ActiveCfg = Release|iPhoneSimulator
		{4A87B41C-05C6-4E3F-AF84-4C6511763793}.Ad-Hoc|Any CPU.Build.0 = Release|iPhoneSimulator
		{4A87B41C-05C6-4E3F-AF84-4C6511763793}.Ad-Hoc|ARM.ActiveCfg = Release|iPhoneSimulator
		{4A87B41C-05C6-4E3F-AF84-4C6511763793}.Ad-Hoc|ARM.Build.0 = Release|iPhoneSimulator
		{4A87B41C-05C6-4E3F-AF84-4C6511763793}.Ad-Hoc|ARM64.ActiveCfg = Release|iPhoneSimulator
		{4A87B41C-05C6-4E3F-AF84-4C6511763793}.Ad-Hoc|ARM64.Build.0 = Release|iPhoneSimulator
		{4A87B41C-05C6-4E3F-AF84-4C6511763793}.Ad-Hoc|iPhone.ActiveCfg = Release|iPhoneSimulator
		{4A87B41C-05C6-4E3F-AF84-4C6511763793}.Ad-Hoc|iPhone.Build.0 = Release|iPhoneSimulator
		{4A87B41C-05C6-4E3F-AF84-4C6511763793}.Ad-Hoc|iPhoneSimulator.ActiveCfg = Release|iPhoneSimulator
		{4A87B41C-05C6-4E3F-AF84-4C6511763793}.Ad-Hoc|iPhoneSimulator.Build.0 = Release|iPhoneSimulator
		{4A87B41C-05C6-4E3F-AF84-4C6511763793}.Ad-Hoc|x64.ActiveCfg = Release|iPhoneSimulator
		{4A87B41C-05C6-4E3F-AF84-4C6511763793}.Ad-Hoc|x64.Build.0 = Release|iPhoneSimulator
		{4A87B41C-05C6-4E3F-AF84-4C6511763793}.Ad-Hoc|x86.ActiveCfg = Release|iPhoneSimulator
		{4A87B41C-05C6-4E3F-AF84-4C6511763793}.Ad-Hoc|x86.Build.0 = Release|iPhoneSimulator
		{4A87B41C-05C6-4E3F-AF84-4C6511763793}.AppStore|Any CPU.ActiveCfg = Release|iPhoneSimulator
		{4A87B41C-05C6-4E3F-AF84-4C6511763793}.AppStore|Any CPU.Build.0 = Release|iPhoneSimulator
		{4A87B41C-05C6-4E3F-AF84-4C6511763793}.AppStore|ARM.ActiveCfg = Release|iPhoneSimulator
		{4A87B41C-05C6-4E3F-AF84-4C6511763793}.AppStore|ARM.Build.0 = Release|iPhoneSimulator
		{4A87B41C-05C6-4E3F-AF84-4C6511763793}.AppStore|ARM64.ActiveCfg = Release|iPhoneSimulator
		{4A87B41C-05C6-4E3F-AF84-4C6511763793}.AppStore|ARM64.Build.0 = Release|iPhoneSimulator
		{4A87B41C-05C6-4E3F-AF84-4C6511763793}.AppStore|iPhone.ActiveCfg = Release|iPhoneSimulator
		{4A87B41C-05C6-4E3F-AF84-4C6511763793}.AppStore|iPhone.Build.0 = Release|iPhoneSimulator
		{4A87B41C-05C6-4E3F-AF84-4C6511763793}.AppStore|iPhoneSimulator.ActiveCfg = Release|iPhoneSimulator
		{4A87B41C-05C6-4E3F-AF84-4C6511763793}.AppStore|iPhoneSimulator.Build.0 = Release|iPhoneSimulator
		{4A87B41C-05C6-4E3F-AF84-4C6511763793}.AppStore|x64.ActiveCfg = Release|iPhoneSimulator
		{4A87B41C-05C6-4E3F-AF84-4C6511763793}.AppStore|x64.Build.0 = Release|iPhoneSimulator
		{4A87B41C-05C6-4E3F-AF84-4C6511763793}.AppStore|x86.ActiveCfg = Release|iPhoneSimulator
		{4A87B41C-05C6-4E3F-AF84-4C6511763793}.AppStore|x86.Build.0 = Release|iPhoneSimulator
		{4A87B41C-05C6-4E3F-AF84-4C6511763793}.Debug|Any CPU.ActiveCfg = Debug|iPhoneSimulator
		{4A87B41C-05C6-4E3F-AF84-4C6511763793}.Debug|ARM.ActiveCfg = Debug|iPhoneSimulator
		{4A87B41C-05C6-4E3F-AF84-4C6511763793}.Debug|ARM64.ActiveCfg = Debug|iPhoneSimulator
		{4A87B41C-05C6-4E3F-AF84-4C6511763793}.Debug|iPhone.ActiveCfg = Debug|iPhoneSimulator
		{4A87B41C-05C6-4E3F-AF84-4C6511763793}.Debug|iPhoneSimulator.ActiveCfg = Debug|iPhoneSimulator
		{4A87B41C-05C6-4E3F-AF84-4C6511763793}.Debug|iPhoneSimulator.Build.0 = Debug|iPhoneSimulator
		{4A87B41C-05C6-4E3F-AF84-4C6511763793}.Debug|x64.ActiveCfg = Debug|iPhoneSimulator
		{4A87B41C-05C6-4E3F-AF84-4C6511763793}.Debug|x86.ActiveCfg = Debug|iPhoneSimulator
		{4A87B41C-05C6-4E3F-AF84-4C6511763793}.Release|Any CPU.ActiveCfg = Release|iPhoneSimulator
		{4A87B41C-05C6-4E3F-AF84-4C6511763793}.Release|ARM.ActiveCfg = Release|iPhoneSimulator
		{4A87B41C-05C6-4E3F-AF84-4C6511763793}.Release|ARM64.ActiveCfg = Release|iPhoneSimulator
		{4A87B41C-05C6-4E3F-AF84-4C6511763793}.Release|iPhone.ActiveCfg = Release|iPhoneSimulator
		{4A87B41C-05C6-4E3F-AF84-4C6511763793}.Release|iPhoneSimulator.ActiveCfg = Release|iPhoneSimulator
		{4A87B41C-05C6-4E3F-AF84-4C6511763793}.Release|iPhoneSimulator.Build.0 = Release|iPhoneSimulator
		{4A87B41C-05C6-4E3F-AF84-4C6511763793}.Release|x64.ActiveCfg = Release|iPhoneSimulator
		{4A87B41C-05C6-4E3F-AF84-4C6511763793}.Release|x86.ActiveCfg = Release|iPhoneSimulator
	EndGlobalSection
	GlobalSection(SolutionProperties) = preSolution
		HideSolutionNode = FALSE
	EndGlobalSection
	GlobalSection(ExtensibilityGlobals) = postSolution
		SolutionGuid = {515CEE38-74F7-4571-85C2-66E5F37E33BF}
	EndGlobalSection
EndGlobal
