
Microsoft Visual Studio Solution File, Format Version 12.00
# Visual Studio Version 16
VisualStudioVersion = 16.0.30804.86
MinimumVisualStudioVersion = 10.0.40219.1
Project("{2150E333-8FDC-42A3-9474-1A3956D46DE8}") = "Platforms", "Platforms", "{5B126197-30AC-4271-ADE3-03FA2DAA5C79}"
EndProject
Project("{FAE04EC0-301F-11D3-BF4B-00C04F79EFBC}") = "ConwaysGameOfLife.Droid", "ConwaysGameOfLife.Droid\ConwaysGameOfLife.Droid.csproj", "{505FB512-86FE-4E77-B363-7506DE68CEFA}"
EndProject
Project("{FAE04EC0-301F-11D3-BF4B-00C04F79EFBC}") = "ConwaysGameOfLife.iOS", "ConwaysGameOfLife.iOS\ConwaysGameOfLife.iOS.csproj", "{336B6C70-7C0A-45E4-BF48-7D593585113D}"
EndProject
Project("{FAE04EC0-301F-11D3-BF4B-00C04F79EFBC}") = "ConwaysGameOfLife.UWP", "ConwaysGameOfLife.UWP\ConwaysGameOfLife.UWP.csproj", "{A6403253-F800-48E1-A10C-FC15856ED0E4}"
EndProject
Project("{9A19103F-16F7-4668-BE54-9A1E7A4F7556}") = "ConwaysGameOfLife.Wasm", "ConwaysGameOfLife.Wasm\ConwaysGameOfLife.Wasm.csproj", "{B50206A3-B9DE-4C25-8910-CF2B3CCCD8F0}"
EndProject
Project("{FAE04EC0-301F-11D3-BF4B-00C04F79EFBC}") = "ConwaysGameOfLife.macOS", "ConwaysGameOfLife.macOS\ConwaysGameOfLife.macOS.csproj", "{2847B2A6-7D57-4FD4-84DB-9938C9957D4E}"
EndProject
Project("{9A19103F-16F7-4668-BE54-9A1E7A4F7556}") = "ConwaysGameOfLife.Skia.Wpf.Host", "ConwaysGameOfLife.Skia.Wpf.Host\ConwaysGameOfLife.Skia.Wpf.Host.csproj", "{8EEBE044-46FA-4AB0-9892-4879AD388296}"
EndProject
Project("{9A19103F-16F7-4668-BE54-9A1E7A4F7556}") = "ConwaysGameOfLife.Skia.Wpf", "ConwaysGameOfLife.Skia.Wpf\ConwaysGameOfLife.Skia.Wpf.csproj", "{75B2BBBD-8E5A-47ED-96CD-CF77E758C517}"
EndProject
Project("{9A19103F-16F7-4668-BE54-9A1E7A4F7556}") = "ConwaysGameOfLife.Skia.Gtk", "ConwaysGameOfLife.Skia.Gtk\ConwaysGameOfLife.Skia.Gtk.csproj", "{AE2C84A1-44D7-4EC1-B272-65556B510935}"
EndProject
Project("{9A19103F-16F7-4668-BE54-9A1E7A4F7556}") = "ConwaysGameOfLife.Skia.Tizen", "ConwaysGameOfLife.Skia.Tizen\ConwaysGameOfLife.Skia.Tizen.csproj", "{177DFC94-0A9E-4A7D-96E1-5EC8A74369FA}"
EndProject
Project("{D954291E-2A0B-460D-934E-DC6B0785DB48}") = "ConwaysGameOfLife.Shared", "ConwaysGameOfLife.Shared\ConwaysGameOfLife.Shared.shproj", "{6279C845-92F8-4333-AB99-3D213163593C}"
EndProject
Global
	GlobalSection(SharedMSBuildProjectFiles) = preSolution
		ConwaysGameOfLife.Shared\ConwaysGameOfLife.Shared.projitems*{177dfc94-0a9e-4a7d-96e1-5ec8a74369fa}*SharedItemsImports = 5
		ConwaysGameOfLife.Shared\ConwaysGameOfLife.Shared.projitems*{2847b2a6-7d57-4fd4-84db-9938c9957d4e}*SharedItemsImports = 4
		ConwaysGameOfLife.Shared\ConwaysGameOfLife.Shared.projitems*{336b6c70-7c0a-45e4-bf48-7d593585113d}*SharedItemsImports = 4
		ConwaysGameOfLife.Shared\ConwaysGameOfLife.Shared.projitems*{505fb512-86fe-4e77-b363-7506de68cefa}*SharedItemsImports = 4
		ConwaysGameOfLife.Shared\ConwaysGameOfLife.Shared.projitems*{6279c845-92f8-4333-ab99-3d213163593c}*SharedItemsImports = 13
		ConwaysGameOfLife.Shared\ConwaysGameOfLife.Shared.projitems*{75b2bbbd-8e5a-47ed-96cd-cf77e758c517}*SharedItemsImports = 5
		ConwaysGameOfLife.Shared\ConwaysGameOfLife.Shared.projitems*{a6403253-f800-48e1-a10c-fc15856ed0e4}*SharedItemsImports = 4
		ConwaysGameOfLife.Shared\ConwaysGameOfLife.Shared.projitems*{ae2c84a1-44d7-4ec1-b272-65556b510935}*SharedItemsImports = 5
		ConwaysGameOfLife.Shared\ConwaysGameOfLife.Shared.projitems*{b50206a3-b9de-4c25-8910-cf2b3cccd8f0}*SharedItemsImports = 5
	EndGlobalSection
	GlobalSection(SolutionConfigurationPlatforms) = preSolution
		Ad-Hoc|Any CPU = Ad-Hoc|Any CPU
		Ad-Hoc|ARM = Ad-Hoc|ARM
		Ad-Hoc|ARM64 = Ad-Hoc|ARM64
		Ad-Hoc|iPhone = Ad-Hoc|iPhone
		Ad-Hoc|iPhoneSimulator = Ad-Hoc|iPhoneSimulator
		Ad-Hoc|x64 = Ad-Hoc|x64
		Ad-Hoc|x86 = Ad-Hoc|x86
		AppStore|Any CPU = AppStore|Any CPU
		AppStore|ARM = AppStore|ARM
		AppStore|ARM64 = AppStore|ARM64
		AppStore|iPhone = AppStore|iPhone
		AppStore|iPhoneSimulator = AppStore|iPhoneSimulator
		AppStore|x64 = AppStore|x64
		AppStore|x86 = AppStore|x86
		Debug|Any CPU = Debug|Any CPU
		Debug|ARM = Debug|ARM
		Debug|ARM64 = Debug|ARM64
		Debug|iPhone = Debug|iPhone
		Debug|iPhoneSimulator = Debug|iPhoneSimulator
		Debug|x64 = Debug|x64
		Debug|x86 = Debug|x86
		Release|Any CPU = Release|Any CPU
		Release|ARM = Release|ARM
		Release|ARM64 = Release|ARM64
		Release|iPhone = Release|iPhone
		Release|iPhoneSimulator = Release|iPhoneSimulator
		Release|x64 = Release|x64
		Release|x86 = Release|x86
	EndGlobalSection
	GlobalSection(ProjectConfigurationPlatforms) = postSolution
		{505FB512-86FE-4E77-B363-7506DE68CEFA}.Ad-Hoc|Any CPU.ActiveCfg = Debug|Any CPU
		{505FB512-86FE-4E77-B363-7506DE68CEFA}.Ad-Hoc|Any CPU.Build.0 = Debug|Any CPU
		{505FB512-86FE-4E77-B363-7506DE68CEFA}.Ad-Hoc|Any CPU.Deploy.0 = Debug|Any CPU
		{505FB512-86FE-4E77-B363-7506DE68CEFA}.Ad-Hoc|ARM.ActiveCfg = Debug|Any CPU
		{505FB512-86FE-4E77-B363-7506DE68CEFA}.Ad-Hoc|ARM.Build.0 = Debug|Any CPU
		{505FB512-86FE-4E77-B363-7506DE68CEFA}.Ad-Hoc|ARM.Deploy.0 = Debug|Any CPU
		{505FB512-86FE-4E77-B363-7506DE68CEFA}.Ad-Hoc|ARM64.ActiveCfg = Debug|Any CPU
		{505FB512-86FE-4E77-B363-7506DE68CEFA}.Ad-Hoc|ARM64.Build.0 = Debug|Any CPU
		{505FB512-86FE-4E77-B363-7506DE68CEFA}.Ad-Hoc|ARM64.Deploy.0 = Debug|Any CPU
		{505FB512-86FE-4E77-B363-7506DE68CEFA}.Ad-Hoc|iPhone.ActiveCfg = Debug|Any CPU
		{505FB512-86FE-4E77-B363-7506DE68CEFA}.Ad-Hoc|iPhone.Build.0 = Debug|Any CPU
		{505FB512-86FE-4E77-B363-7506DE68CEFA}.Ad-Hoc|iPhone.Deploy.0 = Debug|Any CPU
		{505FB512-86FE-4E77-B363-7506DE68CEFA}.Ad-Hoc|iPhoneSimulator.ActiveCfg = Debug|Any CPU
		{505FB512-86FE-4E77-B363-7506DE68CEFA}.Ad-Hoc|iPhoneSimulator.Build.0 = Debug|Any CPU
		{505FB512-86FE-4E77-B363-7506DE68CEFA}.Ad-Hoc|iPhoneSimulator.Deploy.0 = Debug|Any CPU
		{505FB512-86FE-4E77-B363-7506DE68CEFA}.Ad-Hoc|x64.ActiveCfg = Debug|Any CPU
		{505FB512-86FE-4E77-B363-7506DE68CEFA}.Ad-Hoc|x64.Build.0 = Debug|Any CPU
		{505FB512-86FE-4E77-B363-7506DE68CEFA}.Ad-Hoc|x64.Deploy.0 = Debug|Any CPU
		{505FB512-86FE-4E77-B363-7506DE68CEFA}.Ad-Hoc|x86.ActiveCfg = Debug|Any CPU
		{505FB512-86FE-4E77-B363-7506DE68CEFA}.Ad-Hoc|x86.Build.0 = Debug|Any CPU
		{505FB512-86FE-4E77-B363-7506DE68CEFA}.Ad-Hoc|x86.Deploy.0 = Debug|Any CPU
		{505FB512-86FE-4E77-B363-7506DE68CEFA}.AppStore|Any CPU.ActiveCfg = Debug|Any CPU
		{505FB512-86FE-4E77-B363-7506DE68CEFA}.AppStore|Any CPU.Build.0 = Debug|Any CPU
		{505FB512-86FE-4E77-B363-7506DE68CEFA}.AppStore|Any CPU.Deploy.0 = Debug|Any CPU
		{505FB512-86FE-4E77-B363-7506DE68CEFA}.AppStore|ARM.ActiveCfg = Debug|Any CPU
		{505FB512-86FE-4E77-B363-7506DE68CEFA}.AppStore|ARM.Build.0 = Debug|Any CPU
		{505FB512-86FE-4E77-B363-7506DE68CEFA}.AppStore|ARM.Deploy.0 = Debug|Any CPU
		{505FB512-86FE-4E77-B363-7506DE68CEFA}.AppStore|ARM64.ActiveCfg = Debug|Any CPU
		{505FB512-86FE-4E77-B363-7506DE68CEFA}.AppStore|ARM64.Build.0 = Debug|Any CPU
		{505FB512-86FE-4E77-B363-7506DE68CEFA}.AppStore|ARM64.Deploy.0 = Debug|Any CPU
		{505FB512-86FE-4E77-B363-7506DE68CEFA}.AppStore|iPhone.ActiveCfg = Debug|Any CPU
		{505FB512-86FE-4E77-B363-7506DE68CEFA}.AppStore|iPhone.Build.0 = Debug|Any CPU
		{505FB512-86FE-4E77-B363-7506DE68CEFA}.AppStore|iPhone.Deploy.0 = Debug|Any CPU
		{505FB512-86FE-4E77-B363-7506DE68CEFA}.AppStore|iPhoneSimulator.ActiveCfg = Debug|Any CPU
		{505FB512-86FE-4E77-B363-7506DE68CEFA}.AppStore|iPhoneSimulator.Build.0 = Debug|Any CPU
		{505FB512-86FE-4E77-B363-7506DE68CEFA}.AppStore|iPhoneSimulator.Deploy.0 = Debug|Any CPU
		{505FB512-86FE-4E77-B363-7506DE68CEFA}.AppStore|x64.ActiveCfg = Debug|Any CPU
		{505FB512-86FE-4E77-B363-7506DE68CEFA}.AppStore|x64.Build.0 = Debug|Any CPU
		{505FB512-86FE-4E77-B363-7506DE68CEFA}.AppStore|x64.Deploy.0 = Debug|Any CPU
		{505FB512-86FE-4E77-B363-7506DE68CEFA}.AppStore|x86.ActiveCfg = Debug|Any CPU
		{505FB512-86FE-4E77-B363-7506DE68CEFA}.AppStore|x86.Build.0 = Debug|Any CPU
		{505FB512-86FE-4E77-B363-7506DE68CEFA}.AppStore|x86.Deploy.0 = Debug|Any CPU
		{505FB512-86FE-4E77-B363-7506DE68CEFA}.Debug|Any CPU.ActiveCfg = Debug|Any CPU
		{505FB512-86FE-4E77-B363-7506DE68CEFA}.Debug|Any CPU.Build.0 = Debug|Any CPU
		{505FB512-86FE-4E77-B363-7506DE68CEFA}.Debug|Any CPU.Deploy.0 = Debug|Any CPU
		{505FB512-86FE-4E77-B363-7506DE68CEFA}.Debug|ARM.ActiveCfg = Debug|Any CPU
		{505FB512-86FE-4E77-B363-7506DE68CEFA}.Debug|ARM.Build.0 = Debug|Any CPU
		{505FB512-86FE-4E77-B363-7506DE68CEFA}.Debug|ARM.Deploy.0 = Debug|Any CPU
		{505FB512-86FE-4E77-B363-7506DE68CEFA}.Debug|ARM64.ActiveCfg = Debug|Any CPU
		{505FB512-86FE-4E77-B363-7506DE68CEFA}.Debug|ARM64.Build.0 = Debug|Any CPU
		{505FB512-86FE-4E77-B363-7506DE68CEFA}.Debug|ARM64.Deploy.0 = Debug|Any CPU
		{505FB512-86FE-4E77-B363-7506DE68CEFA}.Debug|iPhone.ActiveCfg = Debug|Any CPU
		{505FB512-86FE-4E77-B363-7506DE68CEFA}.Debug|iPhone.Build.0 = Debug|Any CPU
		{505FB512-86FE-4E77-B363-7506DE68CEFA}.Debug|iPhone.Deploy.0 = Debug|Any CPU
		{505FB512-86FE-4E77-B363-7506DE68CEFA}.Debug|iPhoneSimulator.ActiveCfg = Debug|Any CPU
		{505FB512-86FE-4E77-B363-7506DE68CEFA}.Debug|iPhoneSimulator.Build.0 = Debug|Any CPU
		{505FB512-86FE-4E77-B363-7506DE68CEFA}.Debug|iPhoneSimulator.Deploy.0 = Debug|Any CPU
		{505FB512-86FE-4E77-B363-7506DE68CEFA}.Debug|x64.ActiveCfg = Debug|Any CPU
		{505FB512-86FE-4E77-B363-7506DE68CEFA}.Debug|x64.Build.0 = Debug|Any CPU
		{505FB512-86FE-4E77-B363-7506DE68CEFA}.Debug|x64.Deploy.0 = Debug|Any CPU
		{505FB512-86FE-4E77-B363-7506DE68CEFA}.Debug|x86.ActiveCfg = Debug|Any CPU
		{505FB512-86FE-4E77-B363-7506DE68CEFA}.Debug|x86.Build.0 = Debug|Any CPU
		{505FB512-86FE-4E77-B363-7506DE68CEFA}.Debug|x86.Deploy.0 = Debug|Any CPU
		{505FB512-86FE-4E77-B363-7506DE68CEFA}.Release|Any CPU.ActiveCfg = Release|Any CPU
		{505FB512-86FE-4E77-B363-7506DE68CEFA}.Release|Any CPU.Build.0 = Release|Any CPU
		{505FB512-86FE-4E77-B363-7506DE68CEFA}.Release|Any CPU.Deploy.0 = Release|Any CPU
		{505FB512-86FE-4E77-B363-7506DE68CEFA}.Release|ARM.ActiveCfg = Release|Any CPU
		{505FB512-86FE-4E77-B363-7506DE68CEFA}.Release|ARM.Build.0 = Release|Any CPU
		{505FB512-86FE-4E77-B363-7506DE68CEFA}.Release|ARM.Deploy.0 = Release|Any CPU
		{505FB512-86FE-4E77-B363-7506DE68CEFA}.Release|ARM64.ActiveCfg = Release|Any CPU
		{505FB512-86FE-4E77-B363-7506DE68CEFA}.Release|ARM64.Build.0 = Release|Any CPU
		{505FB512-86FE-4E77-B363-7506DE68CEFA}.Release|ARM64.Deploy.0 = Release|Any CPU
		{505FB512-86FE-4E77-B363-7506DE68CEFA}.Release|iPhone.ActiveCfg = Release|Any CPU
		{505FB512-86FE-4E77-B363-7506DE68CEFA}.Release|iPhone.Build.0 = Release|Any CPU
		{505FB512-86FE-4E77-B363-7506DE68CEFA}.Release|iPhone.Deploy.0 = Release|Any CPU
		{505FB512-86FE-4E77-B363-7506DE68CEFA}.Release|iPhoneSimulator.ActiveCfg = Release|Any CPU
		{505FB512-86FE-4E77-B363-7506DE68CEFA}.Release|iPhoneSimulator.Build.0 = Release|Any CPU
		{505FB512-86FE-4E77-B363-7506DE68CEFA}.Release|iPhoneSimulator.Deploy.0 = Release|Any CPU
		{505FB512-86FE-4E77-B363-7506DE68CEFA}.Release|x64.ActiveCfg = Release|Any CPU
		{505FB512-86FE-4E77-B363-7506DE68CEFA}.Release|x64.Build.0 = Release|Any CPU
		{505FB512-86FE-4E77-B363-7506DE68CEFA}.Release|x64.Deploy.0 = Release|Any CPU
		{505FB512-86FE-4E77-B363-7506DE68CEFA}.Release|x86.ActiveCfg = Release|Any CPU
		{505FB512-86FE-4E77-B363-7506DE68CEFA}.Release|x86.Build.0 = Release|Any CPU
		{505FB512-86FE-4E77-B363-7506DE68CEFA}.Release|x86.Deploy.0 = Release|Any CPU
		{336B6C70-7C0A-45E4-BF48-7D593585113D}.Ad-Hoc|Any CPU.ActiveCfg = Ad-Hoc|iPhoneSimulator
		{336B6C70-7C0A-45E4-BF48-7D593585113D}.Ad-Hoc|ARM.ActiveCfg = Ad-Hoc|iPhoneSimulator
		{336B6C70-7C0A-45E4-BF48-7D593585113D}.Ad-Hoc|ARM64.ActiveCfg = Ad-Hoc|iPhoneSimulator
		{336B6C70-7C0A-45E4-BF48-7D593585113D}.Ad-Hoc|iPhone.ActiveCfg = Ad-Hoc|iPhone
		{336B6C70-7C0A-45E4-BF48-7D593585113D}.Ad-Hoc|iPhone.Build.0 = Ad-Hoc|iPhone
		{336B6C70-7C0A-45E4-BF48-7D593585113D}.Ad-Hoc|iPhoneSimulator.ActiveCfg = Ad-Hoc|iPhoneSimulator
		{336B6C70-7C0A-45E4-BF48-7D593585113D}.Ad-Hoc|iPhoneSimulator.Build.0 = Ad-Hoc|iPhoneSimulator
		{336B6C70-7C0A-45E4-BF48-7D593585113D}.Ad-Hoc|x64.ActiveCfg = Ad-Hoc|iPhoneSimulator
		{336B6C70-7C0A-45E4-BF48-7D593585113D}.Ad-Hoc|x86.ActiveCfg = Ad-Hoc|iPhoneSimulator
		{336B6C70-7C0A-45E4-BF48-7D593585113D}.AppStore|Any CPU.ActiveCfg = AppStore|iPhoneSimulator
		{336B6C70-7C0A-45E4-BF48-7D593585113D}.AppStore|ARM.ActiveCfg = AppStore|iPhoneSimulator
		{336B6C70-7C0A-45E4-BF48-7D593585113D}.AppStore|ARM64.ActiveCfg = AppStore|iPhoneSimulator
		{336B6C70-7C0A-45E4-BF48-7D593585113D}.AppStore|iPhone.ActiveCfg = AppStore|iPhone
		{336B6C70-7C0A-45E4-BF48-7D593585113D}.AppStore|iPhone.Build.0 = AppStore|iPhone
		{336B6C70-7C0A-45E4-BF48-7D593585113D}.AppStore|iPhoneSimulator.ActiveCfg = AppStore|iPhoneSimulator
		{336B6C70-7C0A-45E4-BF48-7D593585113D}.AppStore|iPhoneSimulator.Build.0 = AppStore|iPhoneSimulator
		{336B6C70-7C0A-45E4-BF48-7D593585113D}.AppStore|x64.ActiveCfg = AppStore|iPhoneSimulator
		{336B6C70-7C0A-45E4-BF48-7D593585113D}.AppStore|x86.ActiveCfg = AppStore|iPhoneSimulator
		{336B6C70-7C0A-45E4-BF48-7D593585113D}.Debug|Any CPU.ActiveCfg = Debug|iPhoneSimulator
		{336B6C70-7C0A-45E4-BF48-7D593585113D}.Debug|ARM.ActiveCfg = Debug|iPhoneSimulator
		{336B6C70-7C0A-45E4-BF48-7D593585113D}.Debug|ARM64.ActiveCfg = Debug|iPhoneSimulator
		{336B6C70-7C0A-45E4-BF48-7D593585113D}.Debug|iPhone.ActiveCfg = Debug|iPhone
		{336B6C70-7C0A-45E4-BF48-7D593585113D}.Debug|iPhone.Build.0 = Debug|iPhone
		{336B6C70-7C0A-45E4-BF48-7D593585113D}.Debug|iPhoneSimulator.ActiveCfg = Debug|iPhoneSimulator
		{336B6C70-7C0A-45E4-BF48-7D593585113D}.Debug|iPhoneSimulator.Build.0 = Debug|iPhoneSimulator
		{336B6C70-7C0A-45E4-BF48-7D593585113D}.Debug|x64.ActiveCfg = Debug|iPhoneSimulator
		{336B6C70-7C0A-45E4-BF48-7D593585113D}.Debug|x86.ActiveCfg = Debug|iPhoneSimulator
		{336B6C70-7C0A-45E4-BF48-7D593585113D}.Release|Any CPU.ActiveCfg = Release|iPhoneSimulator
		{336B6C70-7C0A-45E4-BF48-7D593585113D}.Release|ARM.ActiveCfg = Release|iPhoneSimulator
		{336B6C70-7C0A-45E4-BF48-7D593585113D}.Release|ARM64.ActiveCfg = Release|iPhoneSimulator
		{336B6C70-7C0A-45E4-BF48-7D593585113D}.Release|iPhone.ActiveCfg = Release|iPhone
		{336B6C70-7C0A-45E4-BF48-7D593585113D}.Release|iPhone.Build.0 = Release|iPhone
		{336B6C70-7C0A-45E4-BF48-7D593585113D}.Release|iPhoneSimulator.ActiveCfg = Release|iPhoneSimulator
		{336B6C70-7C0A-45E4-BF48-7D593585113D}.Release|iPhoneSimulator.Build.0 = Release|iPhoneSimulator
		{336B6C70-7C0A-45E4-BF48-7D593585113D}.Release|x64.ActiveCfg = Release|iPhoneSimulator
		{336B6C70-7C0A-45E4-BF48-7D593585113D}.Release|x86.ActiveCfg = Release|iPhoneSimulator
		{A6403253-F800-48E1-A10C-FC15856ED0E4}.Ad-Hoc|Any CPU.ActiveCfg = Debug|x86
		{A6403253-F800-48E1-A10C-FC15856ED0E4}.Ad-Hoc|Any CPU.Build.0 = Debug|x86
		{A6403253-F800-48E1-A10C-FC15856ED0E4}.Ad-Hoc|Any CPU.Deploy.0 = Debug|x86
		{A6403253-F800-48E1-A10C-FC15856ED0E4}.Ad-Hoc|ARM.ActiveCfg = Debug|ARM
		{A6403253-F800-48E1-A10C-FC15856ED0E4}.Ad-Hoc|ARM.Build.0 = Debug|ARM
		{A6403253-F800-48E1-A10C-FC15856ED0E4}.Ad-Hoc|ARM.Deploy.0 = Debug|ARM
		{A6403253-F800-48E1-A10C-FC15856ED0E4}.Ad-Hoc|ARM64.ActiveCfg = Debug|ARM64
		{A6403253-F800-48E1-A10C-FC15856ED0E4}.Ad-Hoc|ARM64.Build.0 = Debug|ARM64
		{A6403253-F800-48E1-A10C-FC15856ED0E4}.Ad-Hoc|ARM64.Deploy.0 = Debug|ARM64
		{A6403253-F800-48E1-A10C-FC15856ED0E4}.Ad-Hoc|iPhone.ActiveCfg = Debug|x86
		{A6403253-F800-48E1-A10C-FC15856ED0E4}.Ad-Hoc|iPhone.Build.0 = Debug|x86
		{A6403253-F800-48E1-A10C-FC15856ED0E4}.Ad-Hoc|iPhone.Deploy.0 = Debug|x86
		{A6403253-F800-48E1-A10C-FC15856ED0E4}.Ad-Hoc|iPhoneSimulator.ActiveCfg = Debug|x86
		{A6403253-F800-48E1-A10C-FC15856ED0E4}.Ad-Hoc|iPhoneSimulator.Build.0 = Debug|x86
		{A6403253-F800-48E1-A10C-FC15856ED0E4}.Ad-Hoc|iPhoneSimulator.Deploy.0 = Debug|x86
		{A6403253-F800-48E1-A10C-FC15856ED0E4}.Ad-Hoc|x64.ActiveCfg = Debug|x64
		{A6403253-F800-48E1-A10C-FC15856ED0E4}.Ad-Hoc|x64.Build.0 = Debug|x64
		{A6403253-F800-48E1-A10C-FC15856ED0E4}.Ad-Hoc|x64.Deploy.0 = Debug|x64
		{A6403253-F800-48E1-A10C-FC15856ED0E4}.Ad-Hoc|x86.ActiveCfg = Debug|x86
		{A6403253-F800-48E1-A10C-FC15856ED0E4}.Ad-Hoc|x86.Build.0 = Debug|x86
		{A6403253-F800-48E1-A10C-FC15856ED0E4}.Ad-Hoc|x86.Deploy.0 = Debug|x86
		{A6403253-F800-48E1-A10C-FC15856ED0E4}.AppStore|Any CPU.ActiveCfg = Debug|x86
		{A6403253-F800-48E1-A10C-FC15856ED0E4}.AppStore|Any CPU.Build.0 = Debug|x86
		{A6403253-F800-48E1-A10C-FC15856ED0E4}.AppStore|Any CPU.Deploy.0 = Debug|x86
		{A6403253-F800-48E1-A10C-FC15856ED0E4}.AppStore|ARM.ActiveCfg = Debug|ARM
		{A6403253-F800-48E1-A10C-FC15856ED0E4}.AppStore|ARM.Build.0 = Debug|ARM
		{A6403253-F800-48E1-A10C-FC15856ED0E4}.AppStore|ARM.Deploy.0 = Debug|ARM
		{A6403253-F800-48E1-A10C-FC15856ED0E4}.AppStore|ARM64.ActiveCfg = Debug|ARM64
		{A6403253-F800-48E1-A10C-FC15856ED0E4}.AppStore|ARM64.Build.0 = Debug|ARM64
		{A6403253-F800-48E1-A10C-FC15856ED0E4}.AppStore|ARM64.Deploy.0 = Debug|ARM64
		{A6403253-F800-48E1-A10C-FC15856ED0E4}.AppStore|iPhone.ActiveCfg = Debug|x86
		{A6403253-F800-48E1-A10C-FC15856ED0E4}.AppStore|iPhone.Build.0 = Debug|x86
		{A6403253-F800-48E1-A10C-FC15856ED0E4}.AppStore|iPhone.Deploy.0 = Debug|x86
		{A6403253-F800-48E1-A10C-FC15856ED0E4}.AppStore|iPhoneSimulator.ActiveCfg = Debug|x86
		{A6403253-F800-48E1-A10C-FC15856ED0E4}.AppStore|iPhoneSimulator.Build.0 = Debug|x86
		{A6403253-F800-48E1-A10C-FC15856ED0E4}.AppStore|iPhoneSimulator.Deploy.0 = Debug|x86
		{A6403253-F800-48E1-A10C-FC15856ED0E4}.AppStore|x64.ActiveCfg = Debug|x64
		{A6403253-F800-48E1-A10C-FC15856ED0E4}.AppStore|x64.Build.0 = Debug|x64
		{A6403253-F800-48E1-A10C-FC15856ED0E4}.AppStore|x64.Deploy.0 = Debug|x64
		{A6403253-F800-48E1-A10C-FC15856ED0E4}.AppStore|x86.ActiveCfg = Debug|x86
		{A6403253-F800-48E1-A10C-FC15856ED0E4}.AppStore|x86.Build.0 = Debug|x86
		{A6403253-F800-48E1-A10C-FC15856ED0E4}.AppStore|x86.Deploy.0 = Debug|x86
		{A6403253-F800-48E1-A10C-FC15856ED0E4}.Debug|Any CPU.ActiveCfg = Debug|x86
		{A6403253-F800-48E1-A10C-FC15856ED0E4}.Debug|Any CPU.Build.0 = Debug|x86
		{A6403253-F800-48E1-A10C-FC15856ED0E4}.Debug|Any CPU.Deploy.0 = Debug|x86
		{A6403253-F800-48E1-A10C-FC15856ED0E4}.Debug|ARM.ActiveCfg = Debug|ARM
		{A6403253-F800-48E1-A10C-FC15856ED0E4}.Debug|ARM.Build.0 = Debug|ARM
		{A6403253-F800-48E1-A10C-FC15856ED0E4}.Debug|ARM.Deploy.0 = Debug|ARM
		{A6403253-F800-48E1-A10C-FC15856ED0E4}.Debug|ARM64.ActiveCfg = Debug|ARM64
		{A6403253-F800-48E1-A10C-FC15856ED0E4}.Debug|ARM64.Build.0 = Debug|ARM64
		{A6403253-F800-48E1-A10C-FC15856ED0E4}.Debug|ARM64.Deploy.0 = Debug|ARM64
		{A6403253-F800-48E1-A10C-FC15856ED0E4}.Debug|iPhone.ActiveCfg = Debug|x86
		{A6403253-F800-48E1-A10C-FC15856ED0E4}.Debug|iPhoneSimulator.ActiveCfg = Debug|x86
		{A6403253-F800-48E1-A10C-FC15856ED0E4}.Debug|x64.ActiveCfg = Debug|x64
		{A6403253-F800-48E1-A10C-FC15856ED0E4}.Debug|x64.Build.0 = Debug|x64
		{A6403253-F800-48E1-A10C-FC15856ED0E4}.Debug|x64.Deploy.0 = Debug|x64
		{A6403253-F800-48E1-A10C-FC15856ED0E4}.Debug|x86.ActiveCfg = Debug|x86
		{A6403253-F800-48E1-A10C-FC15856ED0E4}.Debug|x86.Build.0 = Debug|x86
		{A6403253-F800-48E1-A10C-FC15856ED0E4}.Debug|x86.Deploy.0 = Debug|x86
		{A6403253-F800-48E1-A10C-FC15856ED0E4}.Release|Any CPU.ActiveCfg = Release|x86
		{A6403253-F800-48E1-A10C-FC15856ED0E4}.Release|ARM.ActiveCfg = Release|ARM
		{A6403253-F800-48E1-A10C-FC15856ED0E4}.Release|ARM.Build.0 = Release|ARM
		{A6403253-F800-48E1-A10C-FC15856ED0E4}.Release|ARM.Deploy.0 = Release|ARM
		{A6403253-F800-48E1-A10C-FC15856ED0E4}.Release|ARM64.ActiveCfg = Release|ARM64
		{A6403253-F800-48E1-A10C-FC15856ED0E4}.Release|ARM64.Build.0 = Release|ARM64
		{A6403253-F800-48E1-A10C-FC15856ED0E4}.Release|ARM64.Deploy.0 = Release|ARM64
		{A6403253-F800-48E1-A10C-FC15856ED0E4}.Release|iPhone.ActiveCfg = Release|x86
		{A6403253-F800-48E1-A10C-FC15856ED0E4}.Release|iPhoneSimulator.ActiveCfg = Release|x86
		{A6403253-F800-48E1-A10C-FC15856ED0E4}.Release|x64.ActiveCfg = Release|x64
		{A6403253-F800-48E1-A10C-FC15856ED0E4}.Release|x64.Build.0 = Release|x64
		{A6403253-F800-48E1-A10C-FC15856ED0E4}.Release|x64.Deploy.0 = Release|x64
		{A6403253-F800-48E1-A10C-FC15856ED0E4}.Release|x86.ActiveCfg = Release|x86
		{A6403253-F800-48E1-A10C-FC15856ED0E4}.Release|x86.Build.0 = Release|x86
		{A6403253-F800-48E1-A10C-FC15856ED0E4}.Release|x86.Deploy.0 = Release|x86
		{B50206A3-B9DE-4C25-8910-CF2B3CCCD8F0}.Ad-Hoc|Any CPU.ActiveCfg = Debug|Any CPU
		{B50206A3-B9DE-4C25-8910-CF2B3CCCD8F0}.Ad-Hoc|Any CPU.Build.0 = Debug|Any CPU
		{B50206A3-B9DE-4C25-8910-CF2B3CCCD8F0}.Ad-Hoc|ARM.ActiveCfg = Debug|Any CPU
		{B50206A3-B9DE-4C25-8910-CF2B3CCCD8F0}.Ad-Hoc|ARM.Build.0 = Debug|Any CPU
		{B50206A3-B9DE-4C25-8910-CF2B3CCCD8F0}.Ad-Hoc|ARM64.ActiveCfg = Debug|Any CPU
		{B50206A3-B9DE-4C25-8910-CF2B3CCCD8F0}.Ad-Hoc|ARM64.Build.0 = Debug|Any CPU
		{B50206A3-B9DE-4C25-8910-CF2B3CCCD8F0}.Ad-Hoc|iPhone.ActiveCfg = Debug|Any CPU
		{B50206A3-B9DE-4C25-8910-CF2B3CCCD8F0}.Ad-Hoc|iPhone.Build.0 = Debug|Any CPU
		{B50206A3-B9DE-4C25-8910-CF2B3CCCD8F0}.Ad-Hoc|iPhoneSimulator.ActiveCfg = Debug|Any CPU
		{B50206A3-B9DE-4C25-8910-CF2B3CCCD8F0}.Ad-Hoc|iPhoneSimulator.Build.0 = Debug|Any CPU
		{B50206A3-B9DE-4C25-8910-CF2B3CCCD8F0}.Ad-Hoc|x64.ActiveCfg = Debug|Any CPU
		{B50206A3-B9DE-4C25-8910-CF2B3CCCD8F0}.Ad-Hoc|x64.Build.0 = Debug|Any CPU
		{B50206A3-B9DE-4C25-8910-CF2B3CCCD8F0}.Ad-Hoc|x86.ActiveCfg = Debug|Any CPU
		{B50206A3-B9DE-4C25-8910-CF2B3CCCD8F0}.Ad-Hoc|x86.Build.0 = Debug|Any CPU
		{B50206A3-B9DE-4C25-8910-CF2B3CCCD8F0}.AppStore|Any CPU.ActiveCfg = Debug|Any CPU
		{B50206A3-B9DE-4C25-8910-CF2B3CCCD8F0}.AppStore|Any CPU.Build.0 = Debug|Any CPU
		{B50206A3-B9DE-4C25-8910-CF2B3CCCD8F0}.AppStore|ARM.ActiveCfg = Debug|Any CPU
		{B50206A3-B9DE-4C25-8910-CF2B3CCCD8F0}.AppStore|ARM.Build.0 = Debug|Any CPU
		{B50206A3-B9DE-4C25-8910-CF2B3CCCD8F0}.AppStore|ARM64.ActiveCfg = Debug|Any CPU
		{B50206A3-B9DE-4C25-8910-CF2B3CCCD8F0}.AppStore|ARM64.Build.0 = Debug|Any CPU
		{B50206A3-B9DE-4C25-8910-CF2B3CCCD8F0}.AppStore|iPhone.ActiveCfg = Debug|Any CPU
		{B50206A3-B9DE-4C25-8910-CF2B3CCCD8F0}.AppStore|iPhone.Build.0 = Debug|Any CPU
		{B50206A3-B9DE-4C25-8910-CF2B3CCCD8F0}.AppStore|iPhoneSimulator.ActiveCfg = Debug|Any CPU
		{B50206A3-B9DE-4C25-8910-CF2B3CCCD8F0}.AppStore|iPhoneSimulator.Build.0 = Debug|Any CPU
		{B50206A3-B9DE-4C25-8910-CF2B3CCCD8F0}.AppStore|x64.ActiveCfg = Debug|Any CPU
		{B50206A3-B9DE-4C25-8910-CF2B3CCCD8F0}.AppStore|x64.Build.0 = Debug|Any CPU
		{B50206A3-B9DE-4C25-8910-CF2B3CCCD8F0}.AppStore|x86.ActiveCfg = Debug|Any CPU
		{B50206A3-B9DE-4C25-8910-CF2B3CCCD8F0}.AppStore|x86.Build.0 = Debug|Any CPU
		{B50206A3-B9DE-4C25-8910-CF2B3CCCD8F0}.Debug|Any CPU.ActiveCfg = Debug|Any CPU
		{B50206A3-B9DE-4C25-8910-CF2B3CCCD8F0}.Debug|Any CPU.Build.0 = Debug|Any CPU
		{B50206A3-B9DE-4C25-8910-CF2B3CCCD8F0}.Debug|ARM.ActiveCfg = Debug|Any CPU
		{B50206A3-B9DE-4C25-8910-CF2B3CCCD8F0}.Debug|ARM.Build.0 = Debug|Any CPU
		{B50206A3-B9DE-4C25-8910-CF2B3CCCD8F0}.Debug|ARM64.ActiveCfg = Debug|Any CPU
		{B50206A3-B9DE-4C25-8910-CF2B3CCCD8F0}.Debug|ARM64.Build.0 = Debug|Any CPU
		{B50206A3-B9DE-4C25-8910-CF2B3CCCD8F0}.Debug|iPhone.ActiveCfg = Debug|Any CPU
		{B50206A3-B9DE-4C25-8910-CF2B3CCCD8F0}.Debug|iPhone.Build.0 = Debug|Any CPU
		{B50206A3-B9DE-4C25-8910-CF2B3CCCD8F0}.Debug|iPhoneSimulator.ActiveCfg = Debug|Any CPU
		{B50206A3-B9DE-4C25-8910-CF2B3CCCD8F0}.Debug|iPhoneSimulator.Build.0 = Debug|Any CPU
		{B50206A3-B9DE-4C25-8910-CF2B3CCCD8F0}.Debug|x64.ActiveCfg = Debug|Any CPU
		{B50206A3-B9DE-4C25-8910-CF2B3CCCD8F0}.Debug|x64.Build.0 = Debug|Any CPU
		{B50206A3-B9DE-4C25-8910-CF2B3CCCD8F0}.Debug|x86.ActiveCfg = Debug|Any CPU
		{B50206A3-B9DE-4C25-8910-CF2B3CCCD8F0}.Debug|x86.Build.0 = Debug|Any CPU
		{B50206A3-B9DE-4C25-8910-CF2B3CCCD8F0}.Release|Any CPU.ActiveCfg = Release|Any CPU
		{B50206A3-B9DE-4C25-8910-CF2B3CCCD8F0}.Release|Any CPU.Build.0 = Release|Any CPU
		{B50206A3-B9DE-4C25-8910-CF2B3CCCD8F0}.Release|ARM.ActiveCfg = Release|Any CPU
		{B50206A3-B9DE-4C25-8910-CF2B3CCCD8F0}.Release|ARM.Build.0 = Release|Any CPU
		{B50206A3-B9DE-4C25-8910-CF2B3CCCD8F0}.Release|ARM64.ActiveCfg = Release|Any CPU
		{B50206A3-B9DE-4C25-8910-CF2B3CCCD8F0}.Release|ARM64.Build.0 = Release|Any CPU
		{B50206A3-B9DE-4C25-8910-CF2B3CCCD8F0}.Release|iPhone.ActiveCfg = Release|Any CPU
		{B50206A3-B9DE-4C25-8910-CF2B3CCCD8F0}.Release|iPhone.Build.0 = Release|Any CPU
		{B50206A3-B9DE-4C25-8910-CF2B3CCCD8F0}.Release|iPhoneSimulator.ActiveCfg = Release|Any CPU
		{B50206A3-B9DE-4C25-8910-CF2B3CCCD8F0}.Release|iPhoneSimulator.Build.0 = Release|Any CPU
		{B50206A3-B9DE-4C25-8910-CF2B3CCCD8F0}.Release|x64.ActiveCfg = Release|Any CPU
		{B50206A3-B9DE-4C25-8910-CF2B3CCCD8F0}.Release|x64.Build.0 = Release|Any CPU
		{B50206A3-B9DE-4C25-8910-CF2B3CCCD8F0}.Release|x86.ActiveCfg = Release|Any CPU
		{B50206A3-B9DE-4C25-8910-CF2B3CCCD8F0}.Release|x86.Build.0 = Release|Any CPU
		{2847B2A6-7D57-4FD4-84DB-9938C9957D4E}.Ad-Hoc|Any CPU.ActiveCfg = Debug|iPhoneSimulator
		{2847B2A6-7D57-4FD4-84DB-9938C9957D4E}.Ad-Hoc|Any CPU.Build.0 = Debug|iPhoneSimulator
		{2847B2A6-7D57-4FD4-84DB-9938C9957D4E}.Ad-Hoc|ARM.ActiveCfg = Debug|iPhoneSimulator
		{2847B2A6-7D57-4FD4-84DB-9938C9957D4E}.Ad-Hoc|ARM.Build.0 = Debug|iPhoneSimulator
		{2847B2A6-7D57-4FD4-84DB-9938C9957D4E}.Ad-Hoc|ARM64.ActiveCfg = Debug|iPhoneSimulator
		{2847B2A6-7D57-4FD4-84DB-9938C9957D4E}.Ad-Hoc|ARM64.Build.0 = Debug|iPhoneSimulator
		{2847B2A6-7D57-4FD4-84DB-9938C9957D4E}.Ad-Hoc|iPhone.ActiveCfg = Debug|iPhoneSimulator
		{2847B2A6-7D57-4FD4-84DB-9938C9957D4E}.Ad-Hoc|iPhone.Build.0 = Debug|iPhoneSimulator
		{2847B2A6-7D57-4FD4-84DB-9938C9957D4E}.Ad-Hoc|iPhoneSimulator.ActiveCfg = Debug|iPhoneSimulator
		{2847B2A6-7D57-4FD4-84DB-9938C9957D4E}.Ad-Hoc|iPhoneSimulator.Build.0 = Debug|iPhoneSimulator
		{2847B2A6-7D57-4FD4-84DB-9938C9957D4E}.Ad-Hoc|x64.ActiveCfg = Debug|iPhoneSimulator
		{2847B2A6-7D57-4FD4-84DB-9938C9957D4E}.Ad-Hoc|x64.Build.0 = Debug|iPhoneSimulator
		{2847B2A6-7D57-4FD4-84DB-9938C9957D4E}.Ad-Hoc|x86.ActiveCfg = Debug|iPhoneSimulator
		{2847B2A6-7D57-4FD4-84DB-9938C9957D4E}.Ad-Hoc|x86.Build.0 = Debug|iPhoneSimulator
		{2847B2A6-7D57-4FD4-84DB-9938C9957D4E}.AppStore|Any CPU.ActiveCfg = Debug|iPhoneSimulator
		{2847B2A6-7D57-4FD4-84DB-9938C9957D4E}.AppStore|Any CPU.Build.0 = Debug|iPhoneSimulator
		{2847B2A6-7D57-4FD4-84DB-9938C9957D4E}.AppStore|ARM.ActiveCfg = Debug|iPhoneSimulator
		{2847B2A6-7D57-4FD4-84DB-9938C9957D4E}.AppStore|ARM.Build.0 = Debug|iPhoneSimulator
		{2847B2A6-7D57-4FD4-84DB-9938C9957D4E}.AppStore|ARM64.ActiveCfg = Debug|iPhoneSimulator
		{2847B2A6-7D57-4FD4-84DB-9938C9957D4E}.AppStore|ARM64.Build.0 = Debug|iPhoneSimulator
		{2847B2A6-7D57-4FD4-84DB-9938C9957D4E}.AppStore|iPhone.ActiveCfg = Debug|iPhoneSimulator
		{2847B2A6-7D57-4FD4-84DB-9938C9957D4E}.AppStore|iPhone.Build.0 = Debug|iPhoneSimulator
		{2847B2A6-7D57-4FD4-84DB-9938C9957D4E}.AppStore|iPhoneSimulator.ActiveCfg = Debug|iPhoneSimulator
		{2847B2A6-7D57-4FD4-84DB-9938C9957D4E}.AppStore|iPhoneSimulator.Build.0 = Debug|iPhoneSimulator
		{2847B2A6-7D57-4FD4-84DB-9938C9957D4E}.AppStore|x64.ActiveCfg = Debug|iPhoneSimulator
		{2847B2A6-7D57-4FD4-84DB-9938C9957D4E}.AppStore|x64.Build.0 = Debug|iPhoneSimulator
		{2847B2A6-7D57-4FD4-84DB-9938C9957D4E}.AppStore|x86.ActiveCfg = Debug|iPhoneSimulator
		{2847B2A6-7D57-4FD4-84DB-9938C9957D4E}.AppStore|x86.Build.0 = Debug|iPhoneSimulator
		{2847B2A6-7D57-4FD4-84DB-9938C9957D4E}.Debug|Any CPU.ActiveCfg = Debug|iPhoneSimulator
		{2847B2A6-7D57-4FD4-84DB-9938C9957D4E}.Debug|ARM.ActiveCfg = Debug|iPhoneSimulator
		{2847B2A6-7D57-4FD4-84DB-9938C9957D4E}.Debug|ARM64.ActiveCfg = Debug|iPhoneSimulator
		{2847B2A6-7D57-4FD4-84DB-9938C9957D4E}.Debug|iPhone.ActiveCfg = Debug|iPhoneSimulator
		{2847B2A6-7D57-4FD4-84DB-9938C9957D4E}.Debug|iPhoneSimulator.ActiveCfg = Debug|iPhoneSimulator
		{2847B2A6-7D57-4FD4-84DB-9938C9957D4E}.Debug|iPhoneSimulator.Build.0 = Debug|iPhoneSimulator
		{2847B2A6-7D57-4FD4-84DB-9938C9957D4E}.Debug|x64.ActiveCfg = Debug|iPhoneSimulator
		{2847B2A6-7D57-4FD4-84DB-9938C9957D4E}.Debug|x86.ActiveCfg = Debug|iPhoneSimulator
		{2847B2A6-7D57-4FD4-84DB-9938C9957D4E}.Release|Any CPU.ActiveCfg = Release|iPhoneSimulator
		{2847B2A6-7D57-4FD4-84DB-9938C9957D4E}.Release|ARM.ActiveCfg = Release|iPhoneSimulator
		{2847B2A6-7D57-4FD4-84DB-9938C9957D4E}.Release|ARM64.ActiveCfg = Release|iPhoneSimulator
		{2847B2A6-7D57-4FD4-84DB-9938C9957D4E}.Release|iPhone.ActiveCfg = Release|iPhoneSimulator
		{2847B2A6-7D57-4FD4-84DB-9938C9957D4E}.Release|iPhoneSimulator.ActiveCfg = Release|iPhoneSimulator
		{2847B2A6-7D57-4FD4-84DB-9938C9957D4E}.Release|iPhoneSimulator.Build.0 = Release|iPhoneSimulator
		{2847B2A6-7D57-4FD4-84DB-9938C9957D4E}.Release|x64.ActiveCfg = Release|iPhoneSimulator
		{2847B2A6-7D57-4FD4-84DB-9938C9957D4E}.Release|x86.ActiveCfg = Release|iPhoneSimulator
		{8EEBE044-46FA-4AB0-9892-4879AD388296}.Ad-Hoc|Any CPU.ActiveCfg = Debug|Any CPU
		{8EEBE044-46FA-4AB0-9892-4879AD388296}.Ad-Hoc|Any CPU.Build.0 = Debug|Any CPU
		{8EEBE044-46FA-4AB0-9892-4879AD388296}.Ad-Hoc|ARM.ActiveCfg = Debug|Any CPU
		{8EEBE044-46FA-4AB0-9892-4879AD388296}.Ad-Hoc|ARM.Build.0 = Debug|Any CPU
		{8EEBE044-46FA-4AB0-9892-4879AD388296}.Ad-Hoc|ARM64.ActiveCfg = Debug|Any CPU
		{8EEBE044-46FA-4AB0-9892-4879AD388296}.Ad-Hoc|ARM64.Build.0 = Debug|Any CPU
		{8EEBE044-46FA-4AB0-9892-4879AD388296}.Ad-Hoc|iPhone.ActiveCfg = Debug|Any CPU
		{8EEBE044-46FA-4AB0-9892-4879AD388296}.Ad-Hoc|iPhone.Build.0 = Debug|Any CPU
		{8EEBE044-46FA-4AB0-9892-4879AD388296}.Ad-Hoc|iPhoneSimulator.ActiveCfg = Debug|Any CPU
		{8EEBE044-46FA-4AB0-9892-4879AD388296}.Ad-Hoc|iPhoneSimulator.Build.0 = Debug|Any CPU
		{8EEBE044-46FA-4AB0-9892-4879AD388296}.Ad-Hoc|x64.ActiveCfg = Debug|Any CPU
		{8EEBE044-46FA-4AB0-9892-4879AD388296}.Ad-Hoc|x64.Build.0 = Debug|Any CPU
		{8EEBE044-46FA-4AB0-9892-4879AD388296}.Ad-Hoc|x86.ActiveCfg = Debug|Any CPU
		{8EEBE044-46FA-4AB0-9892-4879AD388296}.Ad-Hoc|x86.Build.0 = Debug|Any CPU
		{8EEBE044-46FA-4AB0-9892-4879AD388296}.AppStore|Any CPU.ActiveCfg = Debug|Any CPU
		{8EEBE044-46FA-4AB0-9892-4879AD388296}.AppStore|Any CPU.Build.0 = Debug|Any CPU
		{8EEBE044-46FA-4AB0-9892-4879AD388296}.AppStore|ARM.ActiveCfg = Debug|Any CPU
		{8EEBE044-46FA-4AB0-9892-4879AD388296}.AppStore|ARM.Build.0 = Debug|Any CPU
		{8EEBE044-46FA-4AB0-9892-4879AD388296}.AppStore|ARM64.ActiveCfg = Debug|Any CPU
		{8EEBE044-46FA-4AB0-9892-4879AD388296}.AppStore|ARM64.Build.0 = Debug|Any CPU
		{8EEBE044-46FA-4AB0-9892-4879AD388296}.AppStore|iPhone.ActiveCfg = Debug|Any CPU
		{8EEBE044-46FA-4AB0-9892-4879AD388296}.AppStore|iPhone.Build.0 = Debug|Any CPU
		{8EEBE044-46FA-4AB0-9892-4879AD388296}.AppStore|iPhoneSimulator.ActiveCfg = Debug|Any CPU
		{8EEBE044-46FA-4AB0-9892-4879AD388296}.AppStore|iPhoneSimulator.Build.0 = Debug|Any CPU
		{8EEBE044-46FA-4AB0-9892-4879AD388296}.AppStore|x64.ActiveCfg = Debug|Any CPU
		{8EEBE044-46FA-4AB0-9892-4879AD388296}.AppStore|x64.Build.0 = Debug|Any CPU
		{8EEBE044-46FA-4AB0-9892-4879AD388296}.AppStore|x86.ActiveCfg = Debug|Any CPU
		{8EEBE044-46FA-4AB0-9892-4879AD388296}.AppStore|x86.Build.0 = Debug|Any CPU
		{8EEBE044-46FA-4AB0-9892-4879AD388296}.Debug|Any CPU.ActiveCfg = Debug|Any CPU
		{8EEBE044-46FA-4AB0-9892-4879AD388296}.Debug|Any CPU.Build.0 = Debug|Any CPU
		{8EEBE044-46FA-4AB0-9892-4879AD388296}.Debug|ARM.ActiveCfg = Debug|Any CPU
		{8EEBE044-46FA-4AB0-9892-4879AD388296}.Debug|ARM.Build.0 = Debug|Any CPU
		{8EEBE044-46FA-4AB0-9892-4879AD388296}.Debug|ARM64.ActiveCfg = Debug|Any CPU
		{8EEBE044-46FA-4AB0-9892-4879AD388296}.Debug|ARM64.Build.0 = Debug|Any CPU
		{8EEBE044-46FA-4AB0-9892-4879AD388296}.Debug|iPhone.ActiveCfg = Debug|Any CPU
		{8EEBE044-46FA-4AB0-9892-4879AD388296}.Debug|iPhone.Build.0 = Debug|Any CPU
		{8EEBE044-46FA-4AB0-9892-4879AD388296}.Debug|iPhoneSimulator.ActiveCfg = Debug|Any CPU
		{8EEBE044-46FA-4AB0-9892-4879AD388296}.Debug|iPhoneSimulator.Build.0 = Debug|Any CPU
		{8EEBE044-46FA-4AB0-9892-4879AD388296}.Debug|x64.ActiveCfg = Debug|Any CPU
		{8EEBE044-46FA-4AB0-9892-4879AD388296}.Debug|x64.Build.0 = Debug|Any CPU
		{8EEBE044-46FA-4AB0-9892-4879AD388296}.Debug|x86.ActiveCfg = Debug|Any CPU
		{8EEBE044-46FA-4AB0-9892-4879AD388296}.Debug|x86.Build.0 = Debug|Any CPU
		{8EEBE044-46FA-4AB0-9892-4879AD388296}.Release|Any CPU.ActiveCfg = Release|Any CPU
		{8EEBE044-46FA-4AB0-9892-4879AD388296}.Release|Any CPU.Build.0 = Release|Any CPU
		{8EEBE044-46FA-4AB0-9892-4879AD388296}.Release|ARM.ActiveCfg = Release|Any CPU
		{8EEBE044-46FA-4AB0-9892-4879AD388296}.Release|ARM.Build.0 = Release|Any CPU
		{8EEBE044-46FA-4AB0-9892-4879AD388296}.Release|ARM64.ActiveCfg = Release|Any CPU
		{8EEBE044-46FA-4AB0-9892-4879AD388296}.Release|ARM64.Build.0 = Release|Any CPU
		{8EEBE044-46FA-4AB0-9892-4879AD388296}.Release|iPhone.ActiveCfg = Release|Any CPU
		{8EEBE044-46FA-4AB0-9892-4879AD388296}.Release|iPhone.Build.0 = Release|Any CPU
		{8EEBE044-46FA-4AB0-9892-4879AD388296}.Release|iPhoneSimulator.ActiveCfg = Release|Any CPU
		{8EEBE044-46FA-4AB0-9892-4879AD388296}.Release|iPhoneSimulator.Build.0 = Release|Any CPU
		{8EEBE044-46FA-4AB0-9892-4879AD388296}.Release|x64.ActiveCfg = Release|Any CPU
		{8EEBE044-46FA-4AB0-9892-4879AD388296}.Release|x64.Build.0 = Release|Any CPU
		{8EEBE044-46FA-4AB0-9892-4879AD388296}.Release|x86.ActiveCfg = Release|Any CPU
		{8EEBE044-46FA-4AB0-9892-4879AD388296}.Release|x86.Build.0 = Release|Any CPU
		{75B2BBBD-8E5A-47ED-96CD-CF77E758C517}.Ad-Hoc|Any CPU.ActiveCfg = Debug|Any CPU
		{75B2BBBD-8E5A-47ED-96CD-CF77E758C517}.Ad-Hoc|Any CPU.Build.0 = Debug|Any CPU
		{75B2BBBD-8E5A-47ED-96CD-CF77E758C517}.Ad-Hoc|ARM.ActiveCfg = Debug|Any CPU
		{75B2BBBD-8E5A-47ED-96CD-CF77E758C517}.Ad-Hoc|ARM.Build.0 = Debug|Any CPU
		{75B2BBBD-8E5A-47ED-96CD-CF77E758C517}.Ad-Hoc|ARM64.ActiveCfg = Debug|Any CPU
		{75B2BBBD-8E5A-47ED-96CD-CF77E758C517}.Ad-Hoc|ARM64.Build.0 = Debug|Any CPU
		{75B2BBBD-8E5A-47ED-96CD-CF77E758C517}.Ad-Hoc|iPhone.ActiveCfg = Debug|Any CPU
		{75B2BBBD-8E5A-47ED-96CD-CF77E758C517}.Ad-Hoc|iPhone.Build.0 = Debug|Any CPU
		{75B2BBBD-8E5A-47ED-96CD-CF77E758C517}.Ad-Hoc|iPhoneSimulator.ActiveCfg = Debug|Any CPU
		{75B2BBBD-8E5A-47ED-96CD-CF77E758C517}.Ad-Hoc|iPhoneSimulator.Build.0 = Debug|Any CPU
		{75B2BBBD-8E5A-47ED-96CD-CF77E758C517}.Ad-Hoc|x64.ActiveCfg = Debug|Any CPU
		{75B2BBBD-8E5A-47ED-96CD-CF77E758C517}.Ad-Hoc|x64.Build.0 = Debug|Any CPU
		{75B2BBBD-8E5A-47ED-96CD-CF77E758C517}.Ad-Hoc|x86.ActiveCfg = Debug|Any CPU
		{75B2BBBD-8E5A-47ED-96CD-CF77E758C517}.Ad-Hoc|x86.Build.0 = Debug|Any CPU
		{75B2BBBD-8E5A-47ED-96CD-CF77E758C517}.AppStore|Any CPU.ActiveCfg = Debug|Any CPU
		{75B2BBBD-8E5A-47ED-96CD-CF77E758C517}.AppStore|Any CPU.Build.0 = Debug|Any CPU
		{75B2BBBD-8E5A-47ED-96CD-CF77E758C517}.AppStore|ARM.ActiveCfg = Debug|Any CPU
		{75B2BBBD-8E5A-47ED-96CD-CF77E758C517}.AppStore|ARM.Build.0 = Debug|Any CPU
		{75B2BBBD-8E5A-47ED-96CD-CF77E758C517}.AppStore|ARM64.ActiveCfg = Debug|Any CPU
		{75B2BBBD-8E5A-47ED-96CD-CF77E758C517}.AppStore|ARM64.Build.0 = Debug|Any CPU
		{75B2BBBD-8E5A-47ED-96CD-CF77E758C517}.AppStore|iPhone.ActiveCfg = Debug|Any CPU
		{75B2BBBD-8E5A-47ED-96CD-CF77E758C517}.AppStore|iPhone.Build.0 = Debug|Any CPU
		{75B2BBBD-8E5A-47ED-96CD-CF77E758C517}.AppStore|iPhoneSimulator.ActiveCfg = Debug|Any CPU
		{75B2BBBD-8E5A-47ED-96CD-CF77E758C517}.AppStore|iPhoneSimulator.Build.0 = Debug|Any CPU
		{75B2BBBD-8E5A-47ED-96CD-CF77E758C517}.AppStore|x64.ActiveCfg = Debug|Any CPU
		{75B2BBBD-8E5A-47ED-96CD-CF77E758C517}.AppStore|x64.Build.0 = Debug|Any CPU
		{75B2BBBD-8E5A-47ED-96CD-CF77E758C517}.AppStore|x86.ActiveCfg = Debug|Any CPU
		{75B2BBBD-8E5A-47ED-96CD-CF77E758C517}.AppStore|x86.Build.0 = Debug|Any CPU
		{75B2BBBD-8E5A-47ED-96CD-CF77E758C517}.Debug|Any CPU.ActiveCfg = Debug|Any CPU
		{75B2BBBD-8E5A-47ED-96CD-CF77E758C517}.Debug|Any CPU.Build.0 = Debug|Any CPU
		{75B2BBBD-8E5A-47ED-96CD-CF77E758C517}.Debug|ARM.ActiveCfg = Debug|Any CPU
		{75B2BBBD-8E5A-47ED-96CD-CF77E758C517}.Debug|ARM.Build.0 = Debug|Any CPU
		{75B2BBBD-8E5A-47ED-96CD-CF77E758C517}.Debug|ARM64.ActiveCfg = Debug|Any CPU
		{75B2BBBD-8E5A-47ED-96CD-CF77E758C517}.Debug|ARM64.Build.0 = Debug|Any CPU
		{75B2BBBD-8E5A-47ED-96CD-CF77E758C517}.Debug|iPhone.ActiveCfg = Debug|Any CPU
		{75B2BBBD-8E5A-47ED-96CD-CF77E758C517}.Debug|iPhone.Build.0 = Debug|Any CPU
		{75B2BBBD-8E5A-47ED-96CD-CF77E758C517}.Debug|iPhoneSimulator.ActiveCfg = Debug|Any CPU
		{75B2BBBD-8E5A-47ED-96CD-CF77E758C517}.Debug|iPhoneSimulator.Build.0 = Debug|Any CPU
		{75B2BBBD-8E5A-47ED-96CD-CF77E758C517}.Debug|x64.ActiveCfg = Debug|Any CPU
		{75B2BBBD-8E5A-47ED-96CD-CF77E758C517}.Debug|x64.Build.0 = Debug|Any CPU
		{75B2BBBD-8E5A-47ED-96CD-CF77E758C517}.Debug|x86.ActiveCfg = Debug|Any CPU
		{75B2BBBD-8E5A-47ED-96CD-CF77E758C517}.Debug|x86.Build.0 = Debug|Any CPU
		{75B2BBBD-8E5A-47ED-96CD-CF77E758C517}.Release|Any CPU.ActiveCfg = Release|Any CPU
		{75B2BBBD-8E5A-47ED-96CD-CF77E758C517}.Release|Any CPU.Build.0 = Release|Any CPU
		{75B2BBBD-8E5A-47ED-96CD-CF77E758C517}.Release|ARM.ActiveCfg = Release|Any CPU
		{75B2BBBD-8E5A-47ED-96CD-CF77E758C517}.Release|ARM.Build.0 = Release|Any CPU
		{75B2BBBD-8E5A-47ED-96CD-CF77E758C517}.Release|ARM64.ActiveCfg = Release|Any CPU
		{75B2BBBD-8E5A-47ED-96CD-CF77E758C517}.Release|ARM64.Build.0 = Release|Any CPU
		{75B2BBBD-8E5A-47ED-96CD-CF77E758C517}.Release|iPhone.ActiveCfg = Release|Any CPU
		{75B2BBBD-8E5A-47ED-96CD-CF77E758C517}.Release|iPhone.Build.0 = Release|Any CPU
		{75B2BBBD-8E5A-47ED-96CD-CF77E758C517}.Release|iPhoneSimulator.ActiveCfg = Release|Any CPU
		{75B2BBBD-8E5A-47ED-96CD-CF77E758C517}.Release|iPhoneSimulator.Build.0 = Release|Any CPU
		{75B2BBBD-8E5A-47ED-96CD-CF77E758C517}.Release|x64.ActiveCfg = Release|Any CPU
		{75B2BBBD-8E5A-47ED-96CD-CF77E758C517}.Release|x64.Build.0 = Release|Any CPU
		{75B2BBBD-8E5A-47ED-96CD-CF77E758C517}.Release|x86.ActiveCfg = Release|Any CPU
		{75B2BBBD-8E5A-47ED-96CD-CF77E758C517}.Release|x86.Build.0 = Release|Any CPU
		{AE2C84A1-44D7-4EC1-B272-65556B510935}.Ad-Hoc|Any CPU.ActiveCfg = Debug|Any CPU
		{AE2C84A1-44D7-4EC1-B272-65556B510935}.Ad-Hoc|Any CPU.Build.0 = Debug|Any CPU
		{AE2C84A1-44D7-4EC1-B272-65556B510935}.Ad-Hoc|ARM.ActiveCfg = Debug|Any CPU
		{AE2C84A1-44D7-4EC1-B272-65556B510935}.Ad-Hoc|ARM.Build.0 = Debug|Any CPU
		{AE2C84A1-44D7-4EC1-B272-65556B510935}.Ad-Hoc|ARM64.ActiveCfg = Debug|Any CPU
		{AE2C84A1-44D7-4EC1-B272-65556B510935}.Ad-Hoc|ARM64.Build.0 = Debug|Any CPU
		{AE2C84A1-44D7-4EC1-B272-65556B510935}.Ad-Hoc|iPhone.ActiveCfg = Debug|Any CPU
		{AE2C84A1-44D7-4EC1-B272-65556B510935}.Ad-Hoc|iPhone.Build.0 = Debug|Any CPU
		{AE2C84A1-44D7-4EC1-B272-65556B510935}.Ad-Hoc|iPhoneSimulator.ActiveCfg = Debug|Any CPU
		{AE2C84A1-44D7-4EC1-B272-65556B510935}.Ad-Hoc|iPhoneSimulator.Build.0 = Debug|Any CPU
		{AE2C84A1-44D7-4EC1-B272-65556B510935}.Ad-Hoc|x64.ActiveCfg = Debug|Any CPU
		{AE2C84A1-44D7-4EC1-B272-65556B510935}.Ad-Hoc|x64.Build.0 = Debug|Any CPU
		{AE2C84A1-44D7-4EC1-B272-65556B510935}.Ad-Hoc|x86.ActiveCfg = Debug|Any CPU
		{AE2C84A1-44D7-4EC1-B272-65556B510935}.Ad-Hoc|x86.Build.0 = Debug|Any CPU
		{AE2C84A1-44D7-4EC1-B272-65556B510935}.AppStore|Any CPU.ActiveCfg = Debug|Any CPU
		{AE2C84A1-44D7-4EC1-B272-65556B510935}.AppStore|Any CPU.Build.0 = Debug|Any CPU
		{AE2C84A1-44D7-4EC1-B272-65556B510935}.AppStore|ARM.ActiveCfg = Debug|Any CPU
		{AE2C84A1-44D7-4EC1-B272-65556B510935}.AppStore|ARM.Build.0 = Debug|Any CPU
		{AE2C84A1-44D7-4EC1-B272-65556B510935}.AppStore|ARM64.ActiveCfg = Debug|Any CPU
		{AE2C84A1-44D7-4EC1-B272-65556B510935}.AppStore|ARM64.Build.0 = Debug|Any CPU
		{AE2C84A1-44D7-4EC1-B272-65556B510935}.AppStore|iPhone.ActiveCfg = Debug|Any CPU
		{AE2C84A1-44D7-4EC1-B272-65556B510935}.AppStore|iPhone.Build.0 = Debug|Any CPU
		{AE2C84A1-44D7-4EC1-B272-65556B510935}.AppStore|iPhoneSimulator.ActiveCfg = Debug|Any CPU
		{AE2C84A1-44D7-4EC1-B272-65556B510935}.AppStore|iPhoneSimulator.Build.0 = Debug|Any CPU
		{AE2C84A1-44D7-4EC1-B272-65556B510935}.AppStore|x64.ActiveCfg = Debug|Any CPU
		{AE2C84A1-44D7-4EC1-B272-65556B510935}.AppStore|x64.Build.0 = Debug|Any CPU
		{AE2C84A1-44D7-4EC1-B272-65556B510935}.AppStore|x86.ActiveCfg = Debug|Any CPU
		{AE2C84A1-44D7-4EC1-B272-65556B510935}.AppStore|x86.Build.0 = Debug|Any CPU
		{AE2C84A1-44D7-4EC1-B272-65556B510935}.Debug|Any CPU.ActiveCfg = Debug|Any CPU
		{AE2C84A1-44D7-4EC1-B272-65556B510935}.Debug|Any CPU.Build.0 = Debug|Any CPU
		{AE2C84A1-44D7-4EC1-B272-65556B510935}.Debug|ARM.ActiveCfg = Debug|Any CPU
		{AE2C84A1-44D7-4EC1-B272-65556B510935}.Debug|ARM.Build.0 = Debug|Any CPU
		{AE2C84A1-44D7-4EC1-B272-65556B510935}.Debug|ARM64.ActiveCfg = Debug|Any CPU
		{AE2C84A1-44D7-4EC1-B272-65556B510935}.Debug|ARM64.Build.0 = Debug|Any CPU
		{AE2C84A1-44D7-4EC1-B272-65556B510935}.Debug|iPhone.ActiveCfg = Debug|Any CPU
		{AE2C84A1-44D7-4EC1-B272-65556B510935}.Debug|iPhone.Build.0 = Debug|Any CPU
		{AE2C84A1-44D7-4EC1-B272-65556B510935}.Debug|iPhoneSimulator.ActiveCfg = Debug|Any CPU
		{AE2C84A1-44D7-4EC1-B272-65556B510935}.Debug|iPhoneSimulator.Build.0 = Debug|Any CPU
		{AE2C84A1-44D7-4EC1-B272-65556B510935}.Debug|x64.ActiveCfg = Debug|Any CPU
		{AE2C84A1-44D7-4EC1-B272-65556B510935}.Debug|x64.Build.0 = Debug|Any CPU
		{AE2C84A1-44D7-4EC1-B272-65556B510935}.Debug|x86.ActiveCfg = Debug|Any CPU
		{AE2C84A1-44D7-4EC1-B272-65556B510935}.Debug|x86.Build.0 = Debug|Any CPU
		{AE2C84A1-44D7-4EC1-B272-65556B510935}.Release|Any CPU.ActiveCfg = Release|Any CPU
		{AE2C84A1-44D7-4EC1-B272-65556B510935}.Release|Any CPU.Build.0 = Release|Any CPU
		{AE2C84A1-44D7-4EC1-B272-65556B510935}.Release|ARM.ActiveCfg = Release|Any CPU
		{AE2C84A1-44D7-4EC1-B272-65556B510935}.Release|ARM.Build.0 = Release|Any CPU
		{AE2C84A1-44D7-4EC1-B272-65556B510935}.Release|ARM64.ActiveCfg = Release|Any CPU
		{AE2C84A1-44D7-4EC1-B272-65556B510935}.Release|ARM64.Build.0 = Release|Any CPU
		{AE2C84A1-44D7-4EC1-B272-65556B510935}.Release|iPhone.ActiveCfg = Release|Any CPU
		{AE2C84A1-44D7-4EC1-B272-65556B510935}.Release|iPhone.Build.0 = Release|Any CPU
		{AE2C84A1-44D7-4EC1-B272-65556B510935}.Release|iPhoneSimulator.ActiveCfg = Release|Any CPU
		{AE2C84A1-44D7-4EC1-B272-65556B510935}.Release|iPhoneSimulator.Build.0 = Release|Any CPU
		{AE2C84A1-44D7-4EC1-B272-65556B510935}.Release|x64.ActiveCfg = Release|Any CPU
		{AE2C84A1-44D7-4EC1-B272-65556B510935}.Release|x64.Build.0 = Release|Any CPU
		{AE2C84A1-44D7-4EC1-B272-65556B510935}.Release|x86.ActiveCfg = Release|Any CPU
		{AE2C84A1-44D7-4EC1-B272-65556B510935}.Release|x86.Build.0 = Release|Any CPU
		{177DFC94-0A9E-4A7D-96E1-5EC8A74369FA}.Ad-Hoc|Any CPU.ActiveCfg = Release|Any CPU
		{177DFC94-0A9E-4A7D-96E1-5EC8A74369FA}.Ad-Hoc|Any CPU.Build.0 = Release|Any CPU
		{177DFC94-0A9E-4A7D-96E1-5EC8A74369FA}.Ad-Hoc|ARM.ActiveCfg = Release|Any CPU
		{177DFC94-0A9E-4A7D-96E1-5EC8A74369FA}.Ad-Hoc|ARM.Build.0 = Release|Any CPU
		{177DFC94-0A9E-4A7D-96E1-5EC8A74369FA}.Ad-Hoc|ARM64.ActiveCfg = Release|Any CPU
		{177DFC94-0A9E-4A7D-96E1-5EC8A74369FA}.Ad-Hoc|ARM64.Build.0 = Release|Any CPU
		{177DFC94-0A9E-4A7D-96E1-5EC8A74369FA}.Ad-Hoc|iPhone.ActiveCfg = Release|Any CPU
		{177DFC94-0A9E-4A7D-96E1-5EC8A74369FA}.Ad-Hoc|iPhone.Build.0 = Release|Any CPU
		{177DFC94-0A9E-4A7D-96E1-5EC8A74369FA}.Ad-Hoc|iPhoneSimulator.ActiveCfg = Release|Any CPU
		{177DFC94-0A9E-4A7D-96E1-5EC8A74369FA}.Ad-Hoc|iPhoneSimulator.Build.0 = Release|Any CPU
		{177DFC94-0A9E-4A7D-96E1-5EC8A74369FA}.Ad-Hoc|x64.ActiveCfg = Release|Any CPU
		{177DFC94-0A9E-4A7D-96E1-5EC8A74369FA}.Ad-Hoc|x64.Build.0 = Release|Any CPU
		{177DFC94-0A9E-4A7D-96E1-5EC8A74369FA}.Ad-Hoc|x86.ActiveCfg = Release|Any CPU
		{177DFC94-0A9E-4A7D-96E1-5EC8A74369FA}.Ad-Hoc|x86.Build.0 = Release|Any CPU
		{177DFC94-0A9E-4A7D-96E1-5EC8A74369FA}.AppStore|Any CPU.ActiveCfg = Release|Any CPU
		{177DFC94-0A9E-4A7D-96E1-5EC8A74369FA}.AppStore|Any CPU.Build.0 = Release|Any CPU
		{177DFC94-0A9E-4A7D-96E1-5EC8A74369FA}.AppStore|ARM.ActiveCfg = Release|Any CPU
		{177DFC94-0A9E-4A7D-96E1-5EC8A74369FA}.AppStore|ARM.Build.0 = Release|Any CPU
		{177DFC94-0A9E-4A7D-96E1-5EC8A74369FA}.AppStore|ARM64.ActiveCfg = Release|Any CPU
		{177DFC94-0A9E-4A7D-96E1-5EC8A74369FA}.AppStore|ARM64.Build.0 = Release|Any CPU
		{177DFC94-0A9E-4A7D-96E1-5EC8A74369FA}.AppStore|iPhone.ActiveCfg = Release|Any CPU
		{177DFC94-0A9E-4A7D-96E1-5EC8A74369FA}.AppStore|iPhone.Build.0 = Release|Any CPU
		{177DFC94-0A9E-4A7D-96E1-5EC8A74369FA}.AppStore|iPhoneSimulator.ActiveCfg = Release|Any CPU
		{177DFC94-0A9E-4A7D-96E1-5EC8A74369FA}.AppStore|iPhoneSimulator.Build.0 = Release|Any CPU
		{177DFC94-0A9E-4A7D-96E1-5EC8A74369FA}.AppStore|x64.ActiveCfg = Release|Any CPU
		{177DFC94-0A9E-4A7D-96E1-5EC8A74369FA}.AppStore|x64.Build.0 = Release|Any CPU
		{177DFC94-0A9E-4A7D-96E1-5EC8A74369FA}.AppStore|x86.ActiveCfg = Release|Any CPU
		{177DFC94-0A9E-4A7D-96E1-5EC8A74369FA}.AppStore|x86.Build.0 = Release|Any CPU
		{177DFC94-0A9E-4A7D-96E1-5EC8A74369FA}.Debug|Any CPU.ActiveCfg = Debug|Any CPU
		{177DFC94-0A9E-4A7D-96E1-5EC8A74369FA}.Debug|Any CPU.Build.0 = Debug|Any CPU
		{177DFC94-0A9E-4A7D-96E1-5EC8A74369FA}.Debug|ARM.ActiveCfg = Debug|Any CPU
		{177DFC94-0A9E-4A7D-96E1-5EC8A74369FA}.Debug|ARM.Build.0 = Debug|Any CPU
		{177DFC94-0A9E-4A7D-96E1-5EC8A74369FA}.Debug|ARM64.ActiveCfg = Debug|Any CPU
		{177DFC94-0A9E-4A7D-96E1-5EC8A74369FA}.Debug|ARM64.Build.0 = Debug|Any CPU
		{177DFC94-0A9E-4A7D-96E1-5EC8A74369FA}.Debug|iPhone.ActiveCfg = Debug|Any CPU
		{177DFC94-0A9E-4A7D-96E1-5EC8A74369FA}.Debug|iPhone.Build.0 = Debug|Any CPU
		{177DFC94-0A9E-4A7D-96E1-5EC8A74369FA}.Debug|iPhoneSimulator.ActiveCfg = Debug|Any CPU
		{177DFC94-0A9E-4A7D-96E1-5EC8A74369FA}.Debug|iPhoneSimulator.Build.0 = Debug|Any CPU
		{177DFC94-0A9E-4A7D-96E1-5EC8A74369FA}.Debug|x64.ActiveCfg = Debug|Any CPU
		{177DFC94-0A9E-4A7D-96E1-5EC8A74369FA}.Debug|x64.Build.0 = Debug|Any CPU
		{177DFC94-0A9E-4A7D-96E1-5EC8A74369FA}.Debug|x86.ActiveCfg = Debug|Any CPU
		{177DFC94-0A9E-4A7D-96E1-5EC8A74369FA}.Debug|x86.Build.0 = Debug|Any CPU
		{177DFC94-0A9E-4A7D-96E1-5EC8A74369FA}.Release|Any CPU.ActiveCfg = Release|Any CPU
		{177DFC94-0A9E-4A7D-96E1-5EC8A74369FA}.Release|Any CPU.Build.0 = Release|Any CPU
		{177DFC94-0A9E-4A7D-96E1-5EC8A74369FA}.Release|ARM.ActiveCfg = Release|Any CPU
		{177DFC94-0A9E-4A7D-96E1-5EC8A74369FA}.Release|ARM.Build.0 = Release|Any CPU
		{177DFC94-0A9E-4A7D-96E1-5EC8A74369FA}.Release|ARM64.ActiveCfg = Release|Any CPU
		{177DFC94-0A9E-4A7D-96E1-5EC8A74369FA}.Release|ARM64.Build.0 = Release|Any CPU
		{177DFC94-0A9E-4A7D-96E1-5EC8A74369FA}.Release|iPhone.ActiveCfg = Release|Any CPU
		{177DFC94-0A9E-4A7D-96E1-5EC8A74369FA}.Release|iPhone.Build.0 = Release|Any CPU
		{177DFC94-0A9E-4A7D-96E1-5EC8A74369FA}.Release|iPhoneSimulator.ActiveCfg = Release|Any CPU
		{177DFC94-0A9E-4A7D-96E1-5EC8A74369FA}.Release|iPhoneSimulator.Build.0 = Release|Any CPU
		{177DFC94-0A9E-4A7D-96E1-5EC8A74369FA}.Release|x64.ActiveCfg = Release|Any CPU
		{177DFC94-0A9E-4A7D-96E1-5EC8A74369FA}.Release|x64.Build.0 = Release|Any CPU
		{177DFC94-0A9E-4A7D-96E1-5EC8A74369FA}.Release|x86.ActiveCfg = Release|Any CPU
		{177DFC94-0A9E-4A7D-96E1-5EC8A74369FA}.Release|x86.Build.0 = Release|Any CPU
	EndGlobalSection
	GlobalSection(SolutionProperties) = preSolution
		HideSolutionNode = FALSE
	EndGlobalSection
	GlobalSection(NestedProjects) = preSolution
		{505FB512-86FE-4E77-B363-7506DE68CEFA} = {5B126197-30AC-4271-ADE3-03FA2DAA5C79}
		{336B6C70-7C0A-45E4-BF48-7D593585113D} = {5B126197-30AC-4271-ADE3-03FA2DAA5C79}
		{A6403253-F800-48E1-A10C-FC15856ED0E4} = {5B126197-30AC-4271-ADE3-03FA2DAA5C79}
		{B50206A3-B9DE-4C25-8910-CF2B3CCCD8F0} = {5B126197-30AC-4271-ADE3-03FA2DAA5C79}
		{2847B2A6-7D57-4FD4-84DB-9938C9957D4E} = {5B126197-30AC-4271-ADE3-03FA2DAA5C79}
		{8EEBE044-46FA-4AB0-9892-4879AD388296} = {5B126197-30AC-4271-ADE3-03FA2DAA5C79}
		{75B2BBBD-8E5A-47ED-96CD-CF77E758C517} = {5B126197-30AC-4271-ADE3-03FA2DAA5C79}
		{AE2C84A1-44D7-4EC1-B272-65556B510935} = {5B126197-30AC-4271-ADE3-03FA2DAA5C79}
		{177DFC94-0A9E-4A7D-96E1-5EC8A74369FA} = {5B126197-30AC-4271-ADE3-03FA2DAA5C79}
	EndGlobalSection
	GlobalSection(ExtensibilityGlobals) = postSolution
		SolutionGuid = {BF3D16FA-E9B1-4300-BC75-A61A20F75C36}
	EndGlobalSection
EndGlobal
